// !$*UTF8*$!
{
	archiveVersion = 1;
	classes = {
	};
	objectVersion = 45;
	objects = {

/* Begin PBXBuildFile section */
		8615A2200D953BC0009C9B9D /* InputMethodKit.framework in Frameworks */ = {isa = PBXBuildFile; fileRef = 8615A21F0D953BC0009C9B9D /* InputMethodKit.framework */; };
		8615A22C0D95451A009C9B9D /* LCInputController.mm in Sources */ = {isa = PBXBuildFile; fileRef = 8615A22B0D95451A009C9B9D /* LCInputController.mm */; };
		867B2BE20D95BA7700C5F758 /* Localizable.strings in Resources */ = {isa = PBXBuildFile; fileRef = 867B2BE10D95BA7700C5F758 /* Localizable.strings */; };
		869C16E60D957C6100B507F5 /* Chrasis.framework in Frameworks */ = {isa = PBXBuildFile; fileRef = 869C16E50D957C6100B507F5 /* Chrasis.framework */; settings = {ATTRIBUTES = (strong, ); }; };
		869C16FD0D957E4800B507F5 /* MainMenu.nib in Resources */ = {isa = PBXBuildFile; fileRef = 869C16FC0D957E4800B507F5 /* MainMenu.nib */; };
		869C17140D957EBF00B507F5 /* LCCandidateListPopUpButton.mm in Sources */ = {isa = PBXBuildFile; fileRef = 869C170D0D957EBF00B507F5 /* LCCandidateListPopUpButton.mm */; };
		869C17150D957EBF00B507F5 /* LCDrawingView.mm in Sources */ = {isa = PBXBuildFile; fileRef = 869C170F0D957EBF00B507F5 /* LCDrawingView.mm */; };
		869C17160D957EBF00B507F5 /* LCWritingPanel.mm in Sources */ = {isa = PBXBuildFile; fileRef = 869C17110D957EBF00B507F5 /* LCWritingPanel.mm */; };
		869C17170D957EBF00B507F5 /* LCMainController.mm in Sources */ = {isa = PBXBuildFile; fileRef = 869C17130D957EBF00B507F5 /* LCMainController.mm */; };
		86E8E8E20D95B180006F40A8 /* LeopardChrasis.icns in Resources */ = {isa = PBXBuildFile; fileRef = 86E8E8E10D95B180006F40A8 /* LeopardChrasis.icns */; };
		8D11072B0486CEB800E47090 /* InfoPlist.strings in Resources */ = {isa = PBXBuildFile; fileRef = 089C165CFE840E0CC02AAC07 /* InfoPlist.strings */; };
		8D11072D0486CEB800E47090 /* main.mm in Sources */ = {isa = PBXBuildFile; fileRef = 29B97316FDCFA39411CA2CEA /* main.mm */; settings = {ATTRIBUTES = (); }; };
		8D11072F0486CEB800E47090 /* Cocoa.framework in Frameworks */ = {isa = PBXBuildFile; fileRef = 1058C7A1FEA54F0111CA2CBB /* Cocoa.framework */; settings = {ATTRIBUTES = (strong, ); }; };
/* End PBXBuildFile section */

/* Begin PBXFileReference section */
		089C165DFE840E0CC02AAC07 /* English */ = {isa = PBXFileReference; fileEncoding = 10; lastKnownFileType = text.plist.strings; name = English; path = English.lproj/InfoPlist.strings; sourceTree = "<group>"; };
		1058C7A1FEA54F0111CA2CBB /* Cocoa.framework */ = {isa = PBXFileReference; lastKnownFileType = wrapper.framework; name = Cocoa.framework; path = /System/Library/Frameworks/Cocoa.framework; sourceTree = "<absolute>"; };
		13E42FB307B3F0F600E4EEF1 /* CoreData.framework */ = {isa = PBXFileReference; lastKnownFileType = wrapper.framework; name = CoreData.framework; path = /System/Library/Frameworks/CoreData.framework; sourceTree = "<absolute>"; };
		29B97316FDCFA39411CA2CEA /* main.mm */ = {isa = PBXFileReference; fileEncoding = 4; lastKnownFileType = sourcecode.cpp.objcpp; path = main.mm; sourceTree = "<group>"; };
		29B97324FDCFA39411CA2CEA /* AppKit.framework */ = {isa = PBXFileReference; lastKnownFileType = wrapper.framework; name = AppKit.framework; path = /System/Library/Frameworks/AppKit.framework; sourceTree = "<absolute>"; };
		29B97325FDCFA39411CA2CEA /* Foundation.framework */ = {isa = PBXFileReference; lastKnownFileType = wrapper.framework; name = Foundation.framework; path = /System/Library/Frameworks/Foundation.framework; sourceTree = "<absolute>"; };
		32CA4F630368D1EE00C91783 /* LeopardChrasis_Prefix.pch */ = {isa = PBXFileReference; fileEncoding = 4; lastKnownFileType = sourcecode.c.h; path = LeopardChrasis_Prefix.pch; sourceTree = "<group>"; };
		8615A21F0D953BC0009C9B9D /* InputMethodKit.framework */ = {isa = PBXFileReference; lastKnownFileType = wrapper.framework; name = InputMethodKit.framework; path = /System/Library/Frameworks/InputMethodKit.framework; sourceTree = "<absolute>"; };
		8615A22A0D95451A009C9B9D /* LCInputController.h */ = {isa = PBXFileReference; fileEncoding = 4; lastKnownFileType = sourcecode.c.h; path = LCInputController.h; sourceTree = "<group>"; };
		8615A22B0D95451A009C9B9D /* LCInputController.mm */ = {isa = PBXFileReference; fileEncoding = 4; lastKnownFileType = sourcecode.cpp.objcpp; path = LCInputController.mm; sourceTree = "<group>"; };
		867B2BD90D95B74300C5F758 /* zh_TW */ = {isa = PBXFileReference; lastKnownFileType = wrapper.nib; name = zh_TW; path = zh_TW.lproj/MainMenu.nib; sourceTree = "<group>"; };
		867B2BDF0D95BA7300C5F758 /* English */ = {isa = PBXFileReference; fileEncoding = 10; lastKnownFileType = text.plist.strings; name = English; path = English.lproj/Localizable.strings; sourceTree = "<group>"; };
		867B2BE30D95BA8000C5F758 /* zh_TW */ = {isa = PBXFileReference; lastKnownFileType = text.plist.strings; name = zh_TW; path = zh_TW.lproj/Localizable.strings; sourceTree = "<group>"; };
		869C16E50D957C6100B507F5 /* Chrasis.framework */ = {isa = PBXFileReference; lastKnownFileType = wrapper.framework; name = Chrasis.framework; path = /Library/Frameworks/Chrasis.framework; sourceTree = "<absolute>"; };
		869C16FA0D957E4100B507F5 /* English */ = {isa = PBXFileReference; lastKnownFileType = wrapper.nib; name = English; path = English.lproj/MainMenu.nib; sourceTree = "<group>"; };
		869C170C0D957EBF00B507F5 /* LCCandidateListPopUpButton.h */ = {isa = PBXFileReference; fileEncoding = 4; lastKnownFileType = sourcecode.c.h; path = LCCandidateListPopUpButton.h; sourceTree = "<group>"; };
		869C170D0D957EBF00B507F5 /* LCCandidateListPopUpButton.mm */ = {isa = PBXFileReference; fileEncoding = 4; lastKnownFileType = sourcecode.cpp.objcpp; path = LCCandidateListPopUpButton.mm; sourceTree = "<group>"; };
		869C170E0D957EBF00B507F5 /* LCDrawingView.h */ = {isa = PBXFileReference; fileEncoding = 4; lastKnownFileType = sourcecode.c.h; path = LCDrawingView.h; sourceTree = "<group>"; };
		869C170F0D957EBF00B507F5 /* LCDrawingView.mm */ = {isa = PBXFileReference; fileEncoding = 4; lastKnownFileType = sourcecode.cpp.objcpp; path = LCDrawingView.mm; sourceTree = "<group>"; };
		869C17100D957EBF00B507F5 /* LCWritingPanel.h */ = {isa = PBXFileReference; fileEncoding = 4; lastKnownFileType = sourcecode.c.h; path = LCWritingPanel.h; sourceTree = "<group>"; };
		869C17110D957EBF00B507F5 /* LCWritingPanel.mm */ = {isa = PBXFileReference; fileEncoding = 4; lastKnownFileType = sourcecode.cpp.objcpp; path = LCWritingPanel.mm; sourceTree = "<group>"; };
		869C17120D957EBF00B507F5 /* LCMainController.h */ = {isa = PBXFileReference; fileEncoding = 4; lastKnownFileType = sourcecode.c.h; path = LCMainController.h; sourceTree = "<group>"; };
		869C17130D957EBF00B507F5 /* LCMainController.mm */ = {isa = PBXFileReference; fileEncoding = 4; lastKnownFileType = sourcecode.cpp.objcpp; path = LCMainController.mm; sourceTree = "<group>"; };
		86E8E8E10D95B180006F40A8 /* LeopardChrasis.icns */ = {isa = PBXFileReference; lastKnownFileType = image.icns; path = LeopardChrasis.icns; sourceTree = "<group>"; };
		8D1107310486CEB800E47090 /* Info.plist */ = {isa = PBXFileReference; fileEncoding = 4; lastKnownFileType = text.plist.xml; path = Info.plist; sourceTree = "<group>"; };
		8D1107320486CEB800E47090 /* LeopardChrasis.app */ = {isa = PBXFileReference; explicitFileType = wrapper.application; includeInIndex = 0; path = LeopardChrasis.app; sourceTree = BUILT_PRODUCTS_DIR; };
/* End PBXFileReference section */

/* Begin PBXFrameworksBuildPhase section */
		8D11072E0486CEB800E47090 /* Frameworks */ = {
			isa = PBXFrameworksBuildPhase;
			buildActionMask = 2147483647;
			files = (
				8D11072F0486CEB800E47090 /* Cocoa.framework in Frameworks */,
				8615A2200D953BC0009C9B9D /* InputMethodKit.framework in Frameworks */,
				869C16E60D957C6100B507F5 /* Chrasis.framework in Frameworks */,
			);
			runOnlyForDeploymentPostprocessing = 0;
		};
/* End PBXFrameworksBuildPhase section */

/* Begin PBXGroup section */
		080E96DDFE201D6D7F000001 /* Classes */ = {
			isa = PBXGroup;
			children = (
				869C171B0D95802400B507F5 /* UI */,
				8615A22A0D95451A009C9B9D /* LCInputController.h */,
				8615A22B0D95451A009C9B9D /* LCInputController.mm */,
			);
			name = Classes;
			sourceTree = "<group>";
		};
		1058C7A0FEA54F0111CA2CBB /* Linked Frameworks */ = {
			isa = PBXGroup;
			children = (
				869C16E50D957C6100B507F5 /* Chrasis.framework */,
				8615A21F0D953BC0009C9B9D /* InputMethodKit.framework */,
				1058C7A1FEA54F0111CA2CBB /* Cocoa.framework */,
			);
			name = "Linked Frameworks";
			sourceTree = "<group>";
		};
		1058C7A2FEA54F0111CA2CBB /* Other Frameworks */ = {
			isa = PBXGroup;
			children = (
				29B97324FDCFA39411CA2CEA /* AppKit.framework */,
				13E42FB307B3F0F600E4EEF1 /* CoreData.framework */,
				29B97325FDCFA39411CA2CEA /* Foundation.framework */,
			);
			name = "Other Frameworks";
			sourceTree = "<group>";
		};
		19C28FACFE9D520D11CA2CBB /* Products */ = {
			isa = PBXGroup;
			children = (
				8D1107320486CEB800E47090 /* LeopardChrasis.app */,
			);
			name = Products;
			sourceTree = "<group>";
		};
		29B97314FDCFA39411CA2CEA /* LeopardChrasis */ = {
			isa = PBXGroup;
			children = (
				080E96DDFE201D6D7F000001 /* Classes */,
				29B97315FDCFA39411CA2CEA /* Other Sources */,
				29B97317FDCFA39411CA2CEA /* Resources */,
				29B97323FDCFA39411CA2CEA /* Frameworks */,
				19C28FACFE9D520D11CA2CBB /* Products */,
			);
			name = LeopardChrasis;
			sourceTree = "<group>";
		};
		29B97315FDCFA39411CA2CEA /* Other Sources */ = {
			isa = PBXGroup;
			children = (
				32CA4F630368D1EE00C91783 /* LeopardChrasis_Prefix.pch */,
				29B97316FDCFA39411CA2CEA /* main.mm */,
			);
			name = "Other Sources";
			sourceTree = "<group>";
		};
		29B97317FDCFA39411CA2CEA /* Resources */ = {
			isa = PBXGroup;
			children = (
				867B2BE10D95BA7700C5F758 /* Localizable.strings */,
				86E8E8E10D95B180006F40A8 /* LeopardChrasis.icns */,
				8D1107310486CEB800E47090 /* Info.plist */,
				089C165CFE840E0CC02AAC07 /* InfoPlist.strings */,
				869C16FC0D957E4800B507F5 /* MainMenu.nib */,
			);
			name = Resources;
			sourceTree = "<group>";
		};
		29B97323FDCFA39411CA2CEA /* Frameworks */ = {
			isa = PBXGroup;
			children = (
				1058C7A0FEA54F0111CA2CBB /* Linked Frameworks */,
				1058C7A2FEA54F0111CA2CBB /* Other Frameworks */,
			);
			name = Frameworks;
			sourceTree = "<group>";
		};
		869C171B0D95802400B507F5 /* UI */ = {
			isa = PBXGroup;
			children = (
				869C170C0D957EBF00B507F5 /* LCCandidateListPopUpButton.h */,
				869C170D0D957EBF00B507F5 /* LCCandidateListPopUpButton.mm */,
				869C170E0D957EBF00B507F5 /* LCDrawingView.h */,
				869C170F0D957EBF00B507F5 /* LCDrawingView.mm */,
				869C17100D957EBF00B507F5 /* LCWritingPanel.h */,
				869C17110D957EBF00B507F5 /* LCWritingPanel.mm */,
				869C17120D957EBF00B507F5 /* LCMainController.h */,
				869C17130D957EBF00B507F5 /* LCMainController.mm */,
			);
			name = UI;
			sourceTree = "<group>";
		};
/* End PBXGroup section */

/* Begin PBXNativeTarget section */
		8D1107260486CEB800E47090 /* LeopardChrasis */ = {
			isa = PBXNativeTarget;
			buildConfigurationList = C01FCF4A08A954540054247B /* Build configuration list for PBXNativeTarget "LeopardChrasis" */;
			buildPhases = (
				8D1107290486CEB800E47090 /* Resources */,
				8D11072C0486CEB800E47090 /* Sources */,
				8D11072E0486CEB800E47090 /* Frameworks */,
			);
			buildRules = (
			);
			dependencies = (
			);
			name = LeopardChrasis;
			productInstallPath = "$(HOME)/Applications";
			productName = LeopardChrasis;
			productReference = 8D1107320486CEB800E47090 /* LeopardChrasis.app */;
			productType = "com.apple.product-type.application";
		};
/* End PBXNativeTarget section */

/* Begin PBXProject section */
		29B97313FDCFA39411CA2CEA /* Project object */ = {
			isa = PBXProject;
			buildConfigurationList = C01FCF4E08A954540054247B /* Build configuration list for PBXProject "LeopardChrasis" */;
			compatibilityVersion = "Xcode 3.1";
			hasScannedForEncodings = 1;
			knownRegions = (
				English,
				Japanese,
				French,
				German,
				zh_TW,
			);
			mainGroup = 29B97314FDCFA39411CA2CEA /* LeopardChrasis */;
			projectDirPath = "";
			projectRoot = "";
			targets = (
				8D1107260486CEB800E47090 /* LeopardChrasis */,
			);
		};
/* End PBXProject section */

/* Begin PBXResourcesBuildPhase section */
		8D1107290486CEB800E47090 /* Resources */ = {
			isa = PBXResourcesBuildPhase;
			buildActionMask = 2147483647;
			files = (
				8D11072B0486CEB800E47090 /* InfoPlist.strings in Resources */,
				869C16FD0D957E4800B507F5 /* MainMenu.nib in Resources */,
				86E8E8E20D95B180006F40A8 /* LeopardChrasis.icns in Resources */,
				867B2BE20D95BA7700C5F758 /* Localizable.strings in Resources */,
			);
			runOnlyForDeploymentPostprocessing = 0;
		};
/* End PBXResourcesBuildPhase section */

/* Begin PBXSourcesBuildPhase section */
		8D11072C0486CEB800E47090 /* Sources */ = {
			isa = PBXSourcesBuildPhase;
			buildActionMask = 2147483647;
			files = (
				8D11072D0486CEB800E47090 /* main.mm in Sources */,
				8615A22C0D95451A009C9B9D /* LCInputController.mm in Sources */,
				869C17140D957EBF00B507F5 /* LCCandidateListPopUpButton.mm in Sources */,
				869C17150D957EBF00B507F5 /* LCDrawingView.mm in Sources */,
				869C17160D957EBF00B507F5 /* LCWritingPanel.mm in Sources */,
				869C17170D957EBF00B507F5 /* LCMainController.mm in Sources */,
			);
			runOnlyForDeploymentPostprocessing = 0;
		};
/* End PBXSourcesBuildPhase section */

/* Begin PBXVariantGroup section */
		089C165CFE840E0CC02AAC07 /* InfoPlist.strings */ = {
			isa = PBXVariantGroup;
			children = (
				089C165DFE840E0CC02AAC07 /* English */,
			);
			name = InfoPlist.strings;
			sourceTree = "<group>";
		};
		867B2BE10D95BA7700C5F758 /* Localizable.strings */ = {
			isa = PBXVariantGroup;
			children = (
				867B2BDF0D95BA7300C5F758 /* English */,
				867B2BE30D95BA8000C5F758 /* zh_TW */,
			);
			name = Localizable.strings;
			sourceTree = "<group>";
		};
		869C16FC0D957E4800B507F5 /* MainMenu.nib */ = {
			isa = PBXVariantGroup;
			children = (
				869C16FA0D957E4100B507F5 /* English */,
				867B2BD90D95B74300C5F758 /* zh_TW */,
			);
			name = MainMenu.nib;
			sourceTree = "<group>";
		};
/* End PBXVariantGroup section */

/* Begin XCBuildConfiguration section */
		C01FCF4B08A954540054247B /* Debug */ = {
			isa = XCBuildConfiguration;
			buildSettings = {
				ALWAYS_SEARCH_USER_PATHS = NO;
				COPY_PHASE_STRIP = NO;
				GCC_DYNAMIC_NO_PIC = NO;
				GCC_ENABLE_FIX_AND_CONTINUE = YES;
				GCC_MODEL_TUNING = G5;
				GCC_OPTIMIZATION_LEVEL = 0;
				GCC_PRECOMPILE_PREFIX_HEADER = YES;
				GCC_PREFIX_HEADER = LeopardChrasis_Prefix.pch;
				INFOPLIST_FILE = Info.plist;
				INSTALL_PATH = "$(LOCAL_LIBRARY_DIR)/Input Methods/";
				PRODUCT_NAME = LeopardChrasis;
			};
			name = Debug;
		};
		C01FCF4C08A954540054247B /* Release */ = {
			isa = XCBuildConfiguration;
			buildSettings = {
				ALWAYS_SEARCH_USER_PATHS = NO;
				DEBUG_INFORMATION_FORMAT = "dwarf-with-dsym";
				GCC_MODEL_TUNING = G5;
				GCC_PRECOMPILE_PREFIX_HEADER = YES;
				GCC_PREFIX_HEADER = LeopardChrasis_Prefix.pch;
				INFOPLIST_FILE = Info.plist;
				INSTALL_PATH = "$(LOCAL_LIBRARY_DIR)/Input Methods/";
				PRODUCT_NAME = LeopardChrasis;
			};
			name = Release;
		};
		C01FCF4F08A954540054247B /* Debug */ = {
			isa = XCBuildConfiguration;
			buildSettings = {
				ALWAYS_SEARCH_USER_PATHS = NO;
				ARCHS = "$(ARCHS_STANDARD_32_BIT)";
				FRAMEWORK_SEARCH_PATHS = /Library/Frameworks;
				GCC_OPTIMIZATION_LEVEL = 0;
				GCC_WARN_ABOUT_RETURN_TYPE = YES;
				GCC_WARN_UNUSED_VARIABLE = YES;
				ONLY_ACTIVE_ARCH = YES;
				PREBINDING = NO;
				SDKROOT = macosx10.5;
			};
			name = Debug;
		};
		C01FCF5008A954540054247B /* Release */ = {
			isa = XCBuildConfiguration;
			buildSettings = {
				ALWAYS_SEARCH_USER_PATHS = NO;
				ARCHS = "$(ARCHS_STANDARD_32_BIT)";
				FRAMEWORK_SEARCH_PATHS = /Library/Frameworks;
				GCC_WARN_ABOUT_RETURN_TYPE = YES;
				GCC_WARN_UNUSED_VARIABLE = YES;
				PREBINDING = NO;
				SDKROOT = macosx10.5;
			};
			name = Release;
		};
/* End XCBuildConfiguration section */

/* Begin XCConfigurationList section */
		C01FCF4A08A954540054247B /* Build configuration list for PBXNativeTarget "LeopardChrasis" */ = {
			isa = XCConfigurationList;
			buildConfigurations = (
				C01FCF4B08A954540054247B /* Debug */,
				C01FCF4C08A954540054247B /* Release */,
			);
			defaultConfigurationIsVisible = 0;
			defaultConfigurationName = Release;
		};
		C01FCF4E08A954540054247B /* Build configuration list for PBXProject "LeopardChrasis" */ = {
			isa = XCConfigurationList;
			buildConfigurations = (
				C01FCF4F08A954540054247B /* Debug */,
				C01FCF5008A954540054247B /* Release */,
			);
			defaultConfigurationIsVisible = 0;
			defaultConfigurationName = Release;
		};
/* End XCConfigurationList section */
	};
	rootObject = 29B97313FDCFA39411CA2CEA /* Project object */;
}
