// !$*UTF8*$!
{
	archiveVersion = 1;
	classes = {
	};
	objectVersion = 42;
	objects = {

/* Begin PBXAggregateTarget section */
		863699BF0CD29D8700F5F856 /* tools */ = {
			isa = PBXAggregateTarget;
			buildConfigurationList = 863699D30CD29DF100F5F856 /* Build configuration list for PBXAggregateTarget "tools" */;
			buildPhases = (
				86369A160CD2A48E00F5F856 /* CopyFiles */,
			);
			dependencies = (
				863699C90CD29D9D00F5F856 /* PBXTargetDependency */,
				863699C70CD29D9B00F5F856 /* PBXTargetDependency */,
				863699C50CD29D9900F5F856 /* PBXTargetDependency */,
				863699C30CD29D9700F5F856 /* PBXTargetDependency */,
				863699C10CD29D9500F5F856 /* PBXTargetDependency */,
			);
			name = tools;
			productName = all;
		};
		863699CA0CD29DB100F5F856 /* all */ = {
			isa = PBXAggregateTarget;
			buildConfigurationList = 863699D60CD29DF100F5F856 /* Build configuration list for PBXAggregateTarget "all" */;
			buildPhases = (
			);
			dependencies = (
				86369A4E0CD2A7AC00F5F856 /* PBXTargetDependency */,
				863699F10CD2A09700F5F856 /* PBXTargetDependency */,
			);
			name = all;
			productName = all;
		};
		863699E70CD2A01C00F5F856 /* chr_data.db */ = {
			isa = PBXAggregateTarget;
			buildConfigurationList = 863699EA0CD2A04A00F5F856 /* Build configuration list for PBXAggregateTarget "chr_data.db" */;
			buildPhases = (
				863699E60CD2A01C00F5F856 /* ShellScript */,
			);
			dependencies = (
				86369A4C0CD2A79900F5F856 /* PBXTargetDependency */,
			);
			name = chr_data.db;
			productName = chr_data.db;
		};
/* End PBXAggregateTarget section */

/* Begin PBXBuildFile section */
		8636997B0CD299FD00F5F856 /* char_size.cpp in Sources */ = {isa = PBXBuildFile; fileRef = 863699790CD299FD00F5F856 /* char_size.cpp */; };
		8636997C0CD299FD00F5F856 /* chmlcodec.cpp in Sources */ = {isa = PBXBuildFile; fileRef = 8636997A0CD299FD00F5F856 /* chmlcodec.cpp */; };
		863699B10CD29CE800F5F856 /* chmlcodec.cpp in Sources */ = {isa = PBXBuildFile; fileRef = 8636997A0CD299FD00F5F856 /* chmlcodec.cpp */; };
		863699B20CD29CF500F5F856 /* join_chml.cpp in Sources */ = {isa = PBXBuildFile; fileRef = 863699AD0CD29CCF00F5F856 /* join_chml.cpp */; };
		863699B30CD29D0300F5F856 /* chmlcodec.cpp in Sources */ = {isa = PBXBuildFile; fileRef = 8636997A0CD299FD00F5F856 /* chmlcodec.cpp */; };
		863699B40CD29D0900F5F856 /* chmlcodec.cpp in Sources */ = {isa = PBXBuildFile; fileRef = 8636997A0CD299FD00F5F856 /* chmlcodec.cpp */; };
		863699B50CD29D0C00F5F856 /* chmlcodec.cpp in Sources */ = {isa = PBXBuildFile; fileRef = 8636997A0CD299FD00F5F856 /* chmlcodec.cpp */; };
		863699B60CD29D1200F5F856 /* learn.cpp in Sources */ = {isa = PBXBuildFile; fileRef = 863699AE0CD29CCF00F5F856 /* learn.cpp */; };
		863699B70CD29D1A00F5F856 /* probability_test.cpp in Sources */ = {isa = PBXBuildFile; fileRef = 863699AF0CD29CCF00F5F856 /* probability_test.cpp */; };
		863699B80CD29D1E00F5F856 /* recognize.cpp in Sources */ = {isa = PBXBuildFile; fileRef = 863699B00CD29CCF00F5F856 /* recognize.cpp */; };
		86369A180CD2A4B100F5F856 /* char_size in CopyFiles */ = {isa = PBXBuildFile; fileRef = 863699740CD299A400F5F856 /* char_size */; };
		86369A1E0CD2A5A900F5F856 /* libchrasis.dylib in Frameworks */ = {isa = PBXBuildFile; fileRef = 86369A1D0CD2A54E00F5F856 /* libchrasis.dylib */; };
		86369A1F0CD2A5A900F5F856 /* libchrasis.dylib in Frameworks */ = {isa = PBXBuildFile; fileRef = 86369A1D0CD2A54E00F5F856 /* libchrasis.dylib */; };
		86369A200CD2A5AA00F5F856 /* libchrasis.dylib in Frameworks */ = {isa = PBXBuildFile; fileRef = 86369A1D0CD2A54E00F5F856 /* libchrasis.dylib */; };
		86369A210CD2A5AB00F5F856 /* libchrasis.dylib in Frameworks */ = {isa = PBXBuildFile; fileRef = 86369A1D0CD2A54E00F5F856 /* libchrasis.dylib */; };
		86369A220CD2A5AB00F5F856 /* libchrasis.dylib in Frameworks */ = {isa = PBXBuildFile; fileRef = 86369A1D0CD2A54E00F5F856 /* libchrasis.dylib */; };
		86369A230CD2A5BD00F5F856 /* chrasis in Headers */ = {isa = PBXBuildFile; fileRef = 863699490CD2953800F5F856 /* chrasis */; settings = {ATTRIBUTES = (Public, ); }; };
		86369A240CD2A5BD00F5F856 /* chrasis.h in Headers */ = {isa = PBXBuildFile; fileRef = 863699500CD2953800F5F856 /* chrasis.h */; settings = {ATTRIBUTES = (Public, ); }; };
		86369A250CD2A5CF00F5F856 /* chrasisio.cpp in Sources */ = {isa = PBXBuildFile; fileRef = 863699430CD2951B00F5F856 /* chrasisio.cpp */; };
		86369A260CD2A5CF00F5F856 /* database.cpp in Sources */ = {isa = PBXBuildFile; fileRef = 863699440CD2951B00F5F856 /* database.cpp */; };
		86369A270CD2A5CF00F5F856 /* internal.cpp in Sources */ = {isa = PBXBuildFile; fileRef = 863699450CD2951B00F5F856 /* internal.cpp */; };
		86369A3D0CD2A68500F5F856 /* join_chml in CopyFiles */ = {isa = PBXBuildFile; fileRef = 8636998B0CD29B8200F5F856 /* join_chml */; };
		86369A3E0CD2A6B300F5F856 /* learn in CopyFiles */ = {isa = PBXBuildFile; fileRef = 863699950CD29BB300F5F856 /* learn */; };
		86369A3F0CD2A6B700F5F856 /* probability_test in CopyFiles */ = {isa = PBXBuildFile; fileRef = 8636999A0CD29BE200F5F856 /* probability_test */; };
		86369A400CD2A6BA00F5F856 /* recognize in CopyFiles */ = {isa = PBXBuildFile; fileRef = 8636999F0CD29BED00F5F856 /* recognize */; };
		86369A840CD2B05100F5F856 /* libchrasis.dylib in CopyFiles */ = {isa = PBXBuildFile; fileRef = 86369A1D0CD2A54E00F5F856 /* libchrasis.dylib */; };
		86D138E70CF299C3004A0E09 /* character.cpp in Sources */ = {isa = PBXBuildFile; fileRef = 86D138E60CF299C3004A0E09 /* character.cpp */; };
/* End PBXBuildFile section */

/* Begin PBXContainerItemProxy section */
		863699C00CD29D9500F5F856 /* PBXContainerItemProxy */ = {
			isa = PBXContainerItemProxy;
			containerPortal = 863699310CD2946C00F5F856 /* Project object */;
			proxyType = 1;
			remoteGlobalIDString = 8636999E0CD29BED00F5F856;
			remoteInfo = recognize;
		};
		863699C20CD29D9700F5F856 /* PBXContainerItemProxy */ = {
			isa = PBXContainerItemProxy;
			containerPortal = 863699310CD2946C00F5F856 /* Project object */;
			proxyType = 1;
			remoteGlobalIDString = 863699990CD29BE200F5F856;
			remoteInfo = probability_test;
		};
		863699C40CD29D9900F5F856 /* PBXContainerItemProxy */ = {
			isa = PBXContainerItemProxy;
			containerPortal = 863699310CD2946C00F5F856 /* Project object */;
			proxyType = 1;
			remoteGlobalIDString = 863699940CD29BB300F5F856;
			remoteInfo = learn;
		};
		863699C60CD29D9B00F5F856 /* PBXContainerItemProxy */ = {
			isa = PBXContainerItemProxy;
			containerPortal = 863699310CD2946C00F5F856 /* Project object */;
			proxyType = 1;
			remoteGlobalIDString = 8636998A0CD29B8200F5F856;
			remoteInfo = join_chml;
		};
		863699C80CD29D9D00F5F856 /* PBXContainerItemProxy */ = {
			isa = PBXContainerItemProxy;
			containerPortal = 863699310CD2946C00F5F856 /* Project object */;
			proxyType = 1;
			remoteGlobalIDString = 863699730CD299A400F5F856;
			remoteInfo = char_size;
		};
		863699F00CD2A09700F5F856 /* PBXContainerItemProxy */ = {
			isa = PBXContainerItemProxy;
			containerPortal = 863699310CD2946C00F5F856 /* Project object */;
			proxyType = 1;
			remoteGlobalIDString = 863699E70CD2A01C00F5F856;
			remoteInfo = chr_data.db;
		};
		86369A300CD2A61900F5F856 /* PBXContainerItemProxy */ = {
			isa = PBXContainerItemProxy;
			containerPortal = 863699310CD2946C00F5F856 /* Project object */;
			proxyType = 1;
			remoteGlobalIDString = 86369A1C0CD2A54E00F5F856;
			remoteInfo = "libchrasis-osx";
		};
		86369A320CD2A61C00F5F856 /* PBXContainerItemProxy */ = {
			isa = PBXContainerItemProxy;
			containerPortal = 863699310CD2946C00F5F856 /* Project object */;
			proxyType = 1;
			remoteGlobalIDString = 86369A1C0CD2A54E00F5F856;
			remoteInfo = "libchrasis-osx";
		};
		86369A340CD2A61E00F5F856 /* PBXContainerItemProxy */ = {
			isa = PBXContainerItemProxy;
			containerPortal = 863699310CD2946C00F5F856 /* Project object */;
			proxyType = 1;
			remoteGlobalIDString = 86369A1C0CD2A54E00F5F856;
			remoteInfo = "libchrasis-osx";
		};
		86369A360CD2A62100F5F856 /* PBXContainerItemProxy */ = {
			isa = PBXContainerItemProxy;
			containerPortal = 863699310CD2946C00F5F856 /* Project object */;
			proxyType = 1;
			remoteGlobalIDString = 86369A1C0CD2A54E00F5F856;
			remoteInfo = "libchrasis-osx";
		};
		86369A380CD2A62500F5F856 /* PBXContainerItemProxy */ = {
			isa = PBXContainerItemProxy;
			containerPortal = 863699310CD2946C00F5F856 /* Project object */;
			proxyType = 1;
			remoteGlobalIDString = 86369A1C0CD2A54E00F5F856;
			remoteInfo = "libchrasis-osx";
		};
		86369A4B0CD2A79900F5F856 /* PBXContainerItemProxy */ = {
			isa = PBXContainerItemProxy;
			containerPortal = 863699310CD2946C00F5F856 /* Project object */;
			proxyType = 1;
			remoteGlobalIDString = 863699BF0CD29D8700F5F856;
			remoteInfo = tools;
		};
		86369A4D0CD2A7AC00F5F856 /* PBXContainerItemProxy */ = {
			isa = PBXContainerItemProxy;
			containerPortal = 863699310CD2946C00F5F856 /* Project object */;
			proxyType = 1;
			remoteGlobalIDString = 863699BF0CD29D8700F5F856;
			remoteInfo = tools;
		};
/* End PBXContainerItemProxy section */

/* Begin PBXCopyFilesBuildPhase section */
		86369A160CD2A48E00F5F856 /* CopyFiles */ = {
			isa = PBXCopyFilesBuildPhase;
			buildActionMask = 2147483647;
			dstPath = ../tools;
			dstSubfolderSpec = 16;
			files = (
				86369A180CD2A4B100F5F856 /* char_size in CopyFiles */,
				86369A3D0CD2A68500F5F856 /* join_chml in CopyFiles */,
				86369A3E0CD2A6B300F5F856 /* learn in CopyFiles */,
				86369A3F0CD2A6B700F5F856 /* probability_test in CopyFiles */,
				86369A400CD2A6BA00F5F856 /* recognize in CopyFiles */,
			);
			runOnlyForDeploymentPostprocessing = 0;
		};
		86369A650CD2ACD000F5F856 /* CopyFiles */ = {
			isa = PBXCopyFilesBuildPhase;
			buildActionMask = 2147483647;
			dstPath = ../tools;
			dstSubfolderSpec = 16;
			files = (
				86369A840CD2B05100F5F856 /* libchrasis.dylib in CopyFiles */,
			);
			runOnlyForDeploymentPostprocessing = 0;
		};
/* End PBXCopyFilesBuildPhase section */

/* Begin PBXFileReference section */
		863699430CD2951B00F5F856 /* chrasisio.cpp */ = {isa = PBXFileReference; fileEncoding = 0; lastKnownFileType = sourcecode.cpp.cpp; name = chrasisio.cpp; path = ../src/chrasisio.cpp; sourceTree = SOURCE_ROOT; };
		863699440CD2951B00F5F856 /* database.cpp */ = {isa = PBXFileReference; fileEncoding = 0; lastKnownFileType = sourcecode.cpp.cpp; name = database.cpp; path = ../src/database.cpp; sourceTree = SOURCE_ROOT; };
		863699450CD2951B00F5F856 /* internal.cpp */ = {isa = PBXFileReference; fileEncoding = 0; lastKnownFileType = sourcecode.cpp.cpp; name = internal.cpp; path = ../src/internal.cpp; sourceTree = SOURCE_ROOT; };
		863699490CD2953800F5F856 /* chrasis */ = {isa = PBXFileReference; lastKnownFileType = folder; name = chrasis; path = ../include/chrasis; sourceTree = SOURCE_ROOT; };
		863699500CD2953800F5F856 /* chrasis.h */ = {isa = PBXFileReference; fileEncoding = 0; lastKnownFileType = sourcecode.c.h; name = chrasis.h; path = ../include/chrasis.h; sourceTree = SOURCE_ROOT; };
		8636995F0CD295A500F5F856 /* libchrasis-osx-config.pch */ = {isa = PBXFileReference; fileEncoding = 4; lastKnownFileType = sourcecode.c.h; path = "libchrasis-osx-config.pch"; sourceTree = "<group>"; };
		863699740CD299A400F5F856 /* char_size */ = {isa = PBXFileReference; explicitFileType = "compiled.mach-o.executable"; includeInIndex = 0; path = char_size; sourceTree = BUILT_PRODUCTS_DIR; };
		863699790CD299FD00F5F856 /* char_size.cpp */ = {isa = PBXFileReference; fileEncoding = 0; lastKnownFileType = sourcecode.cpp.cpp; name = char_size.cpp; path = ../src/tools/char_size.cpp; sourceTree = SOURCE_ROOT; };
		8636997A0CD299FD00F5F856 /* chmlcodec.cpp */ = {isa = PBXFileReference; fileEncoding = 0; lastKnownFileType = sourcecode.cpp.cpp; name = chmlcodec.cpp; path = ../src/tools/chmlcodec.cpp; sourceTree = SOURCE_ROOT; };
		8636998B0CD29B8200F5F856 /* join_chml */ = {isa = PBXFileReference; explicitFileType = "compiled.mach-o.executable"; includeInIndex = 0; path = join_chml; sourceTree = BUILT_PRODUCTS_DIR; };
		863699950CD29BB300F5F856 /* learn */ = {isa = PBXFileReference; explicitFileType = "compiled.mach-o.executable"; includeInIndex = 0; path = learn; sourceTree = BUILT_PRODUCTS_DIR; };
		8636999A0CD29BE200F5F856 /* probability_test */ = {isa = PBXFileReference; explicitFileType = "compiled.mach-o.executable"; includeInIndex = 0; path = probability_test; sourceTree = BUILT_PRODUCTS_DIR; };
		8636999F0CD29BED00F5F856 /* recognize */ = {isa = PBXFileReference; explicitFileType = "compiled.mach-o.executable"; includeInIndex = 0; path = recognize; sourceTree = BUILT_PRODUCTS_DIR; };
		863699AC0CD29CCF00F5F856 /* compact_db.cpp */ = {isa = PBXFileReference; fileEncoding = 0; lastKnownFileType = sourcecode.cpp.cpp; name = compact_db.cpp; path = ../src/tools/compact_db.cpp; sourceTree = SOURCE_ROOT; };
		863699AD0CD29CCF00F5F856 /* join_chml.cpp */ = {isa = PBXFileReference; fileEncoding = 0; lastKnownFileType = sourcecode.cpp.cpp; name = join_chml.cpp; path = ../src/tools/join_chml.cpp; sourceTree = SOURCE_ROOT; };
		863699AE0CD29CCF00F5F856 /* learn.cpp */ = {isa = PBXFileReference; fileEncoding = 0; lastKnownFileType = sourcecode.cpp.cpp; name = learn.cpp; path = ../src/tools/learn.cpp; sourceTree = SOURCE_ROOT; };
		863699AF0CD29CCF00F5F856 /* probability_test.cpp */ = {isa = PBXFileReference; fileEncoding = 0; lastKnownFileType = sourcecode.cpp.cpp; name = probability_test.cpp; path = ../src/tools/probability_test.cpp; sourceTree = SOURCE_ROOT; };
		863699B00CD29CCF00F5F856 /* recognize.cpp */ = {isa = PBXFileReference; fileEncoding = 0; lastKnownFileType = sourcecode.cpp.cpp; name = recognize.cpp; path = ../src/tools/recognize.cpp; sourceTree = SOURCE_ROOT; };
		86369A1D0CD2A54E00F5F856 /* libchrasis.dylib */ = {isa = PBXFileReference; explicitFileType = "compiled.mach-o.dylib"; includeInIndex = 0; path = libchrasis.dylib; sourceTree = BUILT_PRODUCTS_DIR; };
		86D138E60CF299C3004A0E09 /* character.cpp */ = {isa = PBXFileReference; fileEncoding = "-2147483646"; lastKnownFileType = sourcecode.cpp.cpp; name = character.cpp; path = ../src/character.cpp; sourceTree = SOURCE_ROOT; };
/* End PBXFileReference section */

/* Begin PBXFrameworksBuildPhase section */
		863699720CD299A400F5F856 /* Frameworks */ = {
			isa = PBXFrameworksBuildPhase;
			buildActionMask = 2147483647;
			files = (
				86369A220CD2A5AB00F5F856 /* libchrasis.dylib in Frameworks */,
			);
			runOnlyForDeploymentPostprocessing = 0;
		};
		863699890CD29B8200F5F856 /* Frameworks */ = {
			isa = PBXFrameworksBuildPhase;
			buildActionMask = 2147483647;
			files = (
				86369A210CD2A5AB00F5F856 /* libchrasis.dylib in Frameworks */,
			);
			runOnlyForDeploymentPostprocessing = 0;
		};
		863699930CD29BB300F5F856 /* Frameworks */ = {
			isa = PBXFrameworksBuildPhase;
			buildActionMask = 2147483647;
			files = (
				86369A200CD2A5AA00F5F856 /* libchrasis.dylib in Frameworks */,
			);
			runOnlyForDeploymentPostprocessing = 0;
		};
		863699980CD29BE200F5F856 /* Frameworks */ = {
			isa = PBXFrameworksBuildPhase;
			buildActionMask = 2147483647;
			files = (
				86369A1F0CD2A5A900F5F856 /* libchrasis.dylib in Frameworks */,
			);
			runOnlyForDeploymentPostprocessing = 0;
		};
		8636999D0CD29BED00F5F856 /* Frameworks */ = {
			isa = PBXFrameworksBuildPhase;
			buildActionMask = 2147483647;
			files = (
				86369A1E0CD2A5A900F5F856 /* libchrasis.dylib in Frameworks */,
			);
			runOnlyForDeploymentPostprocessing = 0;
		};
		86369A1B0CD2A54E00F5F856 /* Frameworks */ = {
			isa = PBXFrameworksBuildPhase;
			buildActionMask = 2147483647;
			files = (
			);
			runOnlyForDeploymentPostprocessing = 0;
		};
/* End PBXFrameworksBuildPhase section */

/* Begin PBXGroup section */
		8636992F0CD2946C00F5F856 = {
			isa = PBXGroup;
			children = (
				86D138E60CF299C3004A0E09 /* character.cpp */,
				863699AC0CD29CCF00F5F856 /* compact_db.cpp */,
				863699AD0CD29CCF00F5F856 /* join_chml.cpp */,
				863699AE0CD29CCF00F5F856 /* learn.cpp */,
				863699AF0CD29CCF00F5F856 /* probability_test.cpp */,
				863699B00CD29CCF00F5F856 /* recognize.cpp */,
				863699790CD299FD00F5F856 /* char_size.cpp */,
				8636997A0CD299FD00F5F856 /* chmlcodec.cpp */,
				863699490CD2953800F5F856 /* chrasis */,
				863699500CD2953800F5F856 /* chrasis.h */,
				863699430CD2951B00F5F856 /* chrasisio.cpp */,
				863699440CD2951B00F5F856 /* database.cpp */,
				863699450CD2951B00F5F856 /* internal.cpp */,
				8636993F0CD294A700F5F856 /* Products */,
				8636995F0CD295A500F5F856 /* libchrasis-osx-config.pch */,
			);
			sourceTree = "<group>";
		};
		8636993F0CD294A700F5F856 /* Products */ = {
			isa = PBXGroup;
			children = (
				863699740CD299A400F5F856 /* char_size */,
				8636998B0CD29B8200F5F856 /* join_chml */,
				863699950CD29BB300F5F856 /* learn */,
				8636999A0CD29BE200F5F856 /* probability_test */,
				8636999F0CD29BED00F5F856 /* recognize */,
				86369A1D0CD2A54E00F5F856 /* libchrasis.dylib */,
			);
			name = Products;
			sourceTree = "<group>";
		};
/* End PBXGroup section */

/* Begin PBXHeadersBuildPhase section */
		86369A190CD2A54E00F5F856 /* Headers */ = {
			isa = PBXHeadersBuildPhase;
			buildActionMask = 2147483647;
			files = (
				86369A230CD2A5BD00F5F856 /* chrasis in Headers */,
				86369A240CD2A5BD00F5F856 /* chrasis.h in Headers */,
			);
			runOnlyForDeploymentPostprocessing = 0;
		};
/* End PBXHeadersBuildPhase section */

/* Begin PBXNativeTarget section */
		863699730CD299A400F5F856 /* char_size */ = {
			isa = PBXNativeTarget;
			buildConfigurationList = 863699760CD299F800F5F856 /* Build configuration list for PBXNativeTarget "char_size" */;
			buildPhases = (
				863699710CD299A400F5F856 /* Sources */,
				863699720CD299A400F5F856 /* Frameworks */,
			);
			buildRules = (
			);
			dependencies = (
				86369A310CD2A61900F5F856 /* PBXTargetDependency */,
			);
			name = char_size;
			productName = char_size;
			productReference = 863699740CD299A400F5F856 /* char_size */;
			productType = "com.apple.product-type.tool";
		};
		8636998A0CD29B8200F5F856 /* join_chml */ = {
			isa = PBXNativeTarget;
			buildConfigurationList = 8636998F0CD29B8E00F5F856 /* Build configuration list for PBXNativeTarget "join_chml" */;
			buildPhases = (
				863699880CD29B8200F5F856 /* Sources */,
				863699890CD29B8200F5F856 /* Frameworks */,
			);
			buildRules = (
			);
			dependencies = (
				86369A330CD2A61C00F5F856 /* PBXTargetDependency */,
			);
			name = join_chml;
			productName = Untitled;
			productReference = 8636998B0CD29B8200F5F856 /* join_chml */;
			productType = "com.apple.product-type.tool";
		};
		863699940CD29BB300F5F856 /* learn */ = {
			isa = PBXNativeTarget;
			buildConfigurationList = 863699A30CD29C9400F5F856 /* Build configuration list for PBXNativeTarget "learn" */;
			buildPhases = (
				863699920CD29BB300F5F856 /* Sources */,
				863699930CD29BB300F5F856 /* Frameworks */,
			);
			buildRules = (
			);
			dependencies = (
				86369A350CD2A61E00F5F856 /* PBXTargetDependency */,
			);
			name = learn;
			productName = learn;
			productReference = 863699950CD29BB300F5F856 /* learn */;
			productType = "com.apple.product-type.tool";
		};
		863699990CD29BE200F5F856 /* probability_test */ = {
			isa = PBXNativeTarget;
			buildConfigurationList = 863699A60CD29C9400F5F856 /* Build configuration list for PBXNativeTarget "probability_test" */;
			buildPhases = (
				863699970CD29BE200F5F856 /* Sources */,
				863699980CD29BE200F5F856 /* Frameworks */,
			);
			buildRules = (
			);
			dependencies = (
				86369A370CD2A62100F5F856 /* PBXTargetDependency */,
			);
			name = probability_test;
			productName = probability_test;
			productReference = 8636999A0CD29BE200F5F856 /* probability_test */;
			productType = "com.apple.product-type.tool";
		};
		8636999E0CD29BED00F5F856 /* recognize */ = {
			isa = PBXNativeTarget;
			buildConfigurationList = 863699A90CD29C9400F5F856 /* Build configuration list for PBXNativeTarget "recognize" */;
			buildPhases = (
				8636999C0CD29BED00F5F856 /* Sources */,
				8636999D0CD29BED00F5F856 /* Frameworks */,
			);
			buildRules = (
			);
			dependencies = (
				86369A390CD2A62500F5F856 /* PBXTargetDependency */,
			);
			name = recognize;
			productName = recognize;
			productReference = 8636999F0CD29BED00F5F856 /* recognize */;
			productType = "com.apple.product-type.tool";
		};
		86369A1C0CD2A54E00F5F856 /* libchrasis-osx */ = {
			isa = PBXNativeTarget;
			buildConfigurationList = 86369A2D0CD2A5F100F5F856 /* Build configuration list for PBXNativeTarget "libchrasis-osx" */;
			buildPhases = (
				86369A190CD2A54E00F5F856 /* Headers */,
				86369A1A0CD2A54E00F5F856 /* Sources */,
				86369A1B0CD2A54E00F5F856 /* Frameworks */,
				86369A650CD2ACD000F5F856 /* CopyFiles */,
			);
			buildRules = (
			);
			dependencies = (
			);
			name = "libchrasis-osx";
			productName = "libchrasis-osx";
			productReference = 86369A1D0CD2A54E00F5F856 /* libchrasis.dylib */;
			productType = "com.apple.product-type.library.dynamic";
		};
/* End PBXNativeTarget section */

/* Begin PBXProject section */
		863699310CD2946C00F5F856 /* Project object */ = {
			isa = PBXProject;
			buildConfigurationList = 863699320CD2946C00F5F856 /* Build configuration list for PBXProject "libchrasis-osx" */;
			hasScannedForEncodings = 0;
			mainGroup = 8636992F0CD2946C00F5F856;
			productRefGroup = 8636993F0CD294A700F5F856 /* Products */;
			projectDirPath = "";
			targets = (
				86369A1C0CD2A54E00F5F856 /* libchrasis-osx */,
				863699730CD299A400F5F856 /* char_size */,
				8636998A0CD29B8200F5F856 /* join_chml */,
				863699940CD29BB300F5F856 /* learn */,
				863699990CD29BE200F5F856 /* probability_test */,
				8636999E0CD29BED00F5F856 /* recognize */,
				863699E70CD2A01C00F5F856 /* chr_data.db */,
				863699BF0CD29D8700F5F856 /* tools */,
				863699CA0CD29DB100F5F856 /* all */,
			);
		};
/* End PBXProject section */

/* Begin PBXShellScriptBuildPhase section */
		863699E60CD2A01C00F5F856 /* ShellScript */ = {
			isa = PBXShellScriptBuildPhase;
			buildActionMask = 2147483647;
			files = (
			);
			inputPaths = (
			);
			outputPaths = (
			);
			runOnlyForDeploymentPostprocessing = 0;
			shellPath = /bin/bash;
			shellScript = "# shell script goes here\n\nrm -f chr_data.db empty_db.db\n\n# chr_data.db\nsqlite3 chr_data.db < ../data/database_schema.sql\nDYLD_LIBRARY_PATH=./build/tools ./build/tools/learn ../data/chmls/*.chml chr_data.db\n#sqlite3 chr_data.db \"VACUUM;\"\n\n# empty_db.db\nsqlite3 empty_db.db < ../data/database_schema.sql\n\nexit 0";
		};
/* End PBXShellScriptBuildPhase section */

/* Begin PBXSourcesBuildPhase section */
		863699710CD299A400F5F856 /* Sources */ = {
			isa = PBXSourcesBuildPhase;
			buildActionMask = 2147483647;
			files = (
				8636997B0CD299FD00F5F856 /* char_size.cpp in Sources */,
				8636997C0CD299FD00F5F856 /* chmlcodec.cpp in Sources */,
			);
			runOnlyForDeploymentPostprocessing = 0;
		};
		863699880CD29B8200F5F856 /* Sources */ = {
			isa = PBXSourcesBuildPhase;
			buildActionMask = 2147483647;
			files = (
				863699B20CD29CF500F5F856 /* join_chml.cpp in Sources */,
				863699B10CD29CE800F5F856 /* chmlcodec.cpp in Sources */,
			);
			runOnlyForDeploymentPostprocessing = 0;
		};
		863699920CD29BB300F5F856 /* Sources */ = {
			isa = PBXSourcesBuildPhase;
			buildActionMask = 2147483647;
			files = (
				863699B60CD29D1200F5F856 /* learn.cpp in Sources */,
				863699B50CD29D0C00F5F856 /* chmlcodec.cpp in Sources */,
			);
			runOnlyForDeploymentPostprocessing = 0;
		};
		863699970CD29BE200F5F856 /* Sources */ = {
			isa = PBXSourcesBuildPhase;
			buildActionMask = 2147483647;
			files = (
				863699B70CD29D1A00F5F856 /* probability_test.cpp in Sources */,
				863699B40CD29D0900F5F856 /* chmlcodec.cpp in Sources */,
			);
			runOnlyForDeploymentPostprocessing = 0;
		};
		8636999C0CD29BED00F5F856 /* Sources */ = {
			isa = PBXSourcesBuildPhase;
			buildActionMask = 2147483647;
			files = (
				863699B80CD29D1E00F5F856 /* recognize.cpp in Sources */,
				863699B30CD29D0300F5F856 /* chmlcodec.cpp in Sources */,
			);
			runOnlyForDeploymentPostprocessing = 0;
		};
		86369A1A0CD2A54E00F5F856 /* Sources */ = {
			isa = PBXSourcesBuildPhase;
			buildActionMask = 2147483647;
			files = (
				86369A250CD2A5CF00F5F856 /* chrasisio.cpp in Sources */,
				86369A260CD2A5CF00F5F856 /* database.cpp in Sources */,
				86369A270CD2A5CF00F5F856 /* internal.cpp in Sources */,
				86D138E70CF299C3004A0E09 /* character.cpp in Sources */,
			);
			runOnlyForDeploymentPostprocessing = 0;
		};
/* End PBXSourcesBuildPhase section */

/* Begin PBXTargetDependency section */
		863699C10CD29D9500F5F856 /* PBXTargetDependency */ = {
			isa = PBXTargetDependency;
			target = 8636999E0CD29BED00F5F856 /* recognize */;
			targetProxy = 863699C00CD29D9500F5F856 /* PBXContainerItemProxy */;
		};
		863699C30CD29D9700F5F856 /* PBXTargetDependency */ = {
			isa = PBXTargetDependency;
			target = 863699990CD29BE200F5F856 /* probability_test */;
			targetProxy = 863699C20CD29D9700F5F856 /* PBXContainerItemProxy */;
		};
		863699C50CD29D9900F5F856 /* PBXTargetDependency */ = {
			isa = PBXTargetDependency;
			target = 863699940CD29BB300F5F856 /* learn */;
			targetProxy = 863699C40CD29D9900F5F856 /* PBXContainerItemProxy */;
		};
		863699C70CD29D9B00F5F856 /* PBXTargetDependency */ = {
			isa = PBXTargetDependency;
			target = 8636998A0CD29B8200F5F856 /* join_chml */;
			targetProxy = 863699C60CD29D9B00F5F856 /* PBXContainerItemProxy */;
		};
		863699C90CD29D9D00F5F856 /* PBXTargetDependency */ = {
			isa = PBXTargetDependency;
			target = 863699730CD299A400F5F856 /* char_size */;
			targetProxy = 863699C80CD29D9D00F5F856 /* PBXContainerItemProxy */;
		};
		863699F10CD2A09700F5F856 /* PBXTargetDependency */ = {
			isa = PBXTargetDependency;
			target = 863699E70CD2A01C00F5F856 /* chr_data.db */;
			targetProxy = 863699F00CD2A09700F5F856 /* PBXContainerItemProxy */;
		};
		86369A310CD2A61900F5F856 /* PBXTargetDependency */ = {
			isa = PBXTargetDependency;
			target = 86369A1C0CD2A54E00F5F856 /* libchrasis-osx */;
			targetProxy = 86369A300CD2A61900F5F856 /* PBXContainerItemProxy */;
		};
		86369A330CD2A61C00F5F856 /* PBXTargetDependency */ = {
			isa = PBXTargetDependency;
			target = 86369A1C0CD2A54E00F5F856 /* libchrasis-osx */;
			targetProxy = 86369A320CD2A61C00F5F856 /* PBXContainerItemProxy */;
		};
		86369A350CD2A61E00F5F856 /* PBXTargetDependency */ = {
			isa = PBXTargetDependency;
			target = 86369A1C0CD2A54E00F5F856 /* libchrasis-osx */;
			targetProxy = 86369A340CD2A61E00F5F856 /* PBXContainerItemProxy */;
		};
		86369A370CD2A62100F5F856 /* PBXTargetDependency */ = {
			isa = PBXTargetDependency;
			target = 86369A1C0CD2A54E00F5F856 /* libchrasis-osx */;
			targetProxy = 86369A360CD2A62100F5F856 /* PBXContainerItemProxy */;
		};
		86369A390CD2A62500F5F856 /* PBXTargetDependency */ = {
			isa = PBXTargetDependency;
			target = 86369A1C0CD2A54E00F5F856 /* libchrasis-osx */;
			targetProxy = 86369A380CD2A62500F5F856 /* PBXContainerItemProxy */;
		};
		86369A4C0CD2A79900F5F856 /* PBXTargetDependency */ = {
			isa = PBXTargetDependency;
			target = 863699BF0CD29D8700F5F856 /* tools */;
			targetProxy = 86369A4B0CD2A79900F5F856 /* PBXContainerItemProxy */;
		};
		86369A4E0CD2A7AC00F5F856 /* PBXTargetDependency */ = {
			isa = PBXTargetDependency;
			target = 863699BF0CD29D8700F5F856 /* tools */;
			targetProxy = 86369A4D0CD2A7AC00F5F856 /* PBXContainerItemProxy */;
		};
/* End PBXTargetDependency section */

/* Begin XCBuildConfiguration section */
		863699330CD2946C00F5F856 /* Debug */ = {
			isa = XCBuildConfiguration;
			buildSettings = {
				COPY_PHASE_STRIP = NO;
			};
			name = Debug;
		};
		863699340CD2946C00F5F856 /* Release */ = {
			isa = XCBuildConfiguration;
			buildSettings = {
				COPY_PHASE_STRIP = YES;
			};
			name = Release;
		};
		863699770CD299F800F5F856 /* Debug */ = {
			isa = XCBuildConfiguration;
			buildSettings = {
				COPY_PHASE_STRIP = NO;
				GCC_DYNAMIC_NO_PIC = NO;
				GCC_ENABLE_FIX_AND_CONTINUE = YES;
				GCC_GENERATE_DEBUGGING_SYMBOLS = YES;
				GCC_MODEL_TUNING = G5;
				GCC_OPTIMIZATION_LEVEL = 0;
				HEADER_SEARCH_PATHS = "\"/usr/include/libxml2\"";
				INSTALL_PATH = "$(HOME)/bin";
				OTHER_LDFLAGS = "-lxml2";
				PREBINDING = NO;
				PRODUCT_NAME = char_size;
				USER_HEADER_SEARCH_PATHS = "\"../include\"";
				ZERO_LINK = NO;
			};
			name = Debug;
		};
		863699780CD299F800F5F856 /* Release */ = {
			isa = XCBuildConfiguration;
			buildSettings = {
				COPY_PHASE_STRIP = YES;
				GCC_ENABLE_FIX_AND_CONTINUE = NO;
				GCC_GENERATE_DEBUGGING_SYMBOLS = NO;
				GCC_MODEL_TUNING = G5;
				HEADER_SEARCH_PATHS = "\"/usr/include/libxml2\"";
				INSTALL_PATH = "$(HOME)/bin";
				OTHER_LDFLAGS = "-lxml2";
				PREBINDING = NO;
				PRODUCT_NAME = char_size;
				USER_HEADER_SEARCH_PATHS = "\"../include\"";
				ZERO_LINK = NO;
			};
			name = Release;
		};
		863699900CD29B8E00F5F856 /* Debug */ = {
			isa = XCBuildConfiguration;
			buildSettings = {
				COPY_PHASE_STRIP = NO;
				GCC_DYNAMIC_NO_PIC = NO;
				GCC_ENABLE_FIX_AND_CONTINUE = YES;
				GCC_GENERATE_DEBUGGING_SYMBOLS = YES;
				GCC_MODEL_TUNING = G5;
				GCC_OPTIMIZATION_LEVEL = 0;
				HEADER_SEARCH_PATHS = "\"/usr/include/libxml2\"";
				INSTALL_PATH = "$(HOME)/bin";
				OTHER_LDFLAGS = "-lxml2";
				PREBINDING = NO;
				PRODUCT_NAME = join_chml;
				USER_HEADER_SEARCH_PATHS = "\"../include\"";
				ZERO_LINK = NO;
			};
			name = Debug;
		};
		863699910CD29B8E00F5F856 /* Release */ = {
			isa = XCBuildConfiguration;
			buildSettings = {
				COPY_PHASE_STRIP = YES;
				GCC_ENABLE_FIX_AND_CONTINUE = NO;
				GCC_GENERATE_DEBUGGING_SYMBOLS = NO;
				GCC_MODEL_TUNING = G5;
				HEADER_SEARCH_PATHS = "\"/usr/include/libxml2\"";
				INSTALL_PATH = "$(HOME)/bin";
				OTHER_LDFLAGS = "-lxml2";
				PREBINDING = NO;
				PRODUCT_NAME = join_chml;
				USER_HEADER_SEARCH_PATHS = "\"../include\"";
				ZERO_LINK = NO;
			};
			name = Release;
		};
		863699A40CD29C9400F5F856 /* Debug */ = {
			isa = XCBuildConfiguration;
			buildSettings = {
				COPY_PHASE_STRIP = NO;
				GCC_AUTO_VECTORIZATION = YES;
				GCC_DYNAMIC_NO_PIC = NO;
				GCC_ENABLE_FIX_AND_CONTINUE = YES;
				GCC_GENERATE_DEBUGGING_SYMBOLS = YES;
				GCC_MODEL_TUNING = G5;
				GCC_OPTIMIZATION_LEVEL = 0;
				HEADER_SEARCH_PATHS = "\"/usr/include/libxml2\"";
				INSTALL_PATH = "$(HOME)/bin";
				MACH_O_TYPE = mh_execute;
				OTHER_LDFLAGS = "-lxml2";
				PREBINDING = NO;
				PRODUCT_NAME = learn;
				USER_HEADER_SEARCH_PATHS = "\"../include\"";
				ZERO_LINK = YES;
			};
			name = Debug;
		};
		863699A50CD29C9400F5F856 /* Release */ = {
			isa = XCBuildConfiguration;
			buildSettings = {
				COPY_PHASE_STRIP = YES;
				GCC_AUTO_VECTORIZATION = YES;
				GCC_ENABLE_FIX_AND_CONTINUE = NO;
				GCC_GENERATE_DEBUGGING_SYMBOLS = NO;
				GCC_MODEL_TUNING = G5;
				HEADER_SEARCH_PATHS = "\"/usr/include/libxml2\"";
				INSTALL_PATH = "$(HOME)/bin";
				MACH_O_TYPE = mh_execute;
				OTHER_LDFLAGS = "-lxml2";
				PREBINDING = NO;
				PRODUCT_NAME = learn;
				USER_HEADER_SEARCH_PATHS = "\"../include\"";
				ZERO_LINK = NO;
			};
			name = Release;
		};
		863699A70CD29C9400F5F856 /* Debug */ = {
			isa = XCBuildConfiguration;
			buildSettings = {
				COPY_PHASE_STRIP = NO;
				GCC_DYNAMIC_NO_PIC = NO;
				GCC_ENABLE_FIX_AND_CONTINUE = YES;
				GCC_GENERATE_DEBUGGING_SYMBOLS = YES;
				GCC_MODEL_TUNING = G5;
				GCC_OPTIMIZATION_LEVEL = 0;
				HEADER_SEARCH_PATHS = "\"/usr/include/libxml2\"";
				INSTALL_PATH = "$(HOME)/bin";
				OTHER_LDFLAGS = "-lxml2";
				PREBINDING = NO;
				PRODUCT_NAME = probability_test;
				USER_HEADER_SEARCH_PATHS = "\"../include\"";
				ZERO_LINK = YES;
			};
			name = Debug;
		};
		863699A80CD29C9400F5F856 /* Release */ = {
			isa = XCBuildConfiguration;
			buildSettings = {
				COPY_PHASE_STRIP = YES;
				GCC_ENABLE_FIX_AND_CONTINUE = NO;
				GCC_GENERATE_DEBUGGING_SYMBOLS = NO;
				GCC_MODEL_TUNING = G5;
				HEADER_SEARCH_PATHS = "\"/usr/include/libxml2\"";
				INSTALL_PATH = "$(HOME)/bin";
				OTHER_LDFLAGS = "-lxml2";
				PREBINDING = NO;
				PRODUCT_NAME = probability_test;
				USER_HEADER_SEARCH_PATHS = "\"../include\"";
				ZERO_LINK = NO;
			};
			name = Release;
		};
		863699AA0CD29C9400F5F856 /* Debug */ = {
			isa = XCBuildConfiguration;
			buildSettings = {
				COPY_PHASE_STRIP = NO;
				GCC_DYNAMIC_NO_PIC = NO;
				GCC_ENABLE_FIX_AND_CONTINUE = YES;
				GCC_GENERATE_DEBUGGING_SYMBOLS = YES;
				GCC_MODEL_TUNING = G5;
				GCC_OPTIMIZATION_LEVEL = 0;
				HEADER_SEARCH_PATHS = "\"/usr/include/libxml2\"";
				INSTALL_PATH = "$(HOME)/bin";
				OTHER_LDFLAGS = "-lxml2";
				PREBINDING = NO;
				PRODUCT_NAME = recognize;
				USER_HEADER_SEARCH_PATHS = "\"../include\"";
				ZERO_LINK = NO;
			};
			name = Debug;
		};
		863699AB0CD29C9400F5F856 /* Release */ = {
			isa = XCBuildConfiguration;
			buildSettings = {
				COPY_PHASE_STRIP = YES;
				GCC_ENABLE_FIX_AND_CONTINUE = NO;
				GCC_GENERATE_DEBUGGING_SYMBOLS = NO;
				GCC_MODEL_TUNING = G5;
				HEADER_SEARCH_PATHS = "\"/usr/include/libxml2\"";
				INSTALL_PATH = "$(HOME)/bin";
				OTHER_LDFLAGS = "-lxml2";
				PREBINDING = NO;
				PRODUCT_NAME = recognize;
				USER_HEADER_SEARCH_PATHS = "\"../include\"";
				ZERO_LINK = NO;
			};
			name = Release;
		};
		863699D40CD29DF100F5F856 /* Debug */ = {
			isa = XCBuildConfiguration;
			buildSettings = {
				COPY_PHASE_STRIP = NO;
				GCC_DYNAMIC_NO_PIC = NO;
				GCC_GENERATE_DEBUGGING_SYMBOLS = YES;
				GCC_OPTIMIZATION_LEVEL = 0;
				PRODUCT_NAME = all;
			};
			name = Debug;
		};
		863699D50CD29DF100F5F856 /* Release */ = {
			isa = XCBuildConfiguration;
			buildSettings = {
				COPY_PHASE_STRIP = YES;
				GCC_ENABLE_FIX_AND_CONTINUE = NO;
				GCC_GENERATE_DEBUGGING_SYMBOLS = NO;
				PRODUCT_NAME = all;
				ZERO_LINK = NO;
			};
			name = Release;
		};
		863699D70CD29DF100F5F856 /* Debug */ = {
			isa = XCBuildConfiguration;
			buildSettings = {
				COPY_PHASE_STRIP = NO;
				GCC_DYNAMIC_NO_PIC = NO;
				GCC_GENERATE_DEBUGGING_SYMBOLS = YES;
				GCC_OPTIMIZATION_LEVEL = 0;
				PRODUCT_NAME = all;
			};
			name = Debug;
		};
		863699D80CD29DF100F5F856 /* Release */ = {
			isa = XCBuildConfiguration;
			buildSettings = {
				COPY_PHASE_STRIP = YES;
				GCC_ENABLE_FIX_AND_CONTINUE = NO;
				GCC_GENERATE_DEBUGGING_SYMBOLS = NO;
				PRODUCT_NAME = all;
				ZERO_LINK = NO;
			};
			name = Release;
		};
		863699EB0CD2A04A00F5F856 /* Debug */ = {
			isa = XCBuildConfiguration;
			buildSettings = {
				COPY_PHASE_STRIP = NO;
				GCC_DYNAMIC_NO_PIC = NO;
				GCC_GENERATE_DEBUGGING_SYMBOLS = YES;
				GCC_OPTIMIZATION_LEVEL = 0;
				PRODUCT_NAME = chr_data.db;
			};
			name = Debug;
		};
		863699EC0CD2A04A00F5F856 /* Release */ = {
			isa = XCBuildConfiguration;
			buildSettings = {
				COPY_PHASE_STRIP = YES;
				GCC_ENABLE_FIX_AND_CONTINUE = NO;
				GCC_GENERATE_DEBUGGING_SYMBOLS = NO;
				PRODUCT_NAME = chr_data.db;
				ZERO_LINK = NO;
			};
			name = Release;
		};
		86369A2E0CD2A5F100F5F856 /* Debug */ = {
			isa = XCBuildConfiguration;
			buildSettings = {
				COPY_PHASE_STRIP = NO;
				EXECUTABLE_PREFIX = lib;
				GCC_DYNAMIC_NO_PIC = NO;
				GCC_ENABLE_FIX_AND_CONTINUE = YES;
				GCC_GENERATE_DEBUGGING_SYMBOLS = YES;
				GCC_MODEL_TUNING = G5;
				GCC_OPTIMIZATION_LEVEL = 0;
				GCC_PREFIX_HEADER = "libchrasis-osx-config.pch";
				INSTALL_PATH = /usr/lib;
				OTHER_LDFLAGS = "-lsqlite3";
				PREBINDING = NO;
				PRODUCT_NAME = chrasis;
				PUBLIC_HEADERS_FOLDER_PATH = /usr/include;
				USER_HEADER_SEARCH_PATHS = "\"../include\"";
				ZERO_LINK = NO;
			};
			name = Debug;
		};
		86369A2F0CD2A5F100F5F856 /* Release */ = {
			isa = XCBuildConfiguration;
			buildSettings = {
				COPY_PHASE_STRIP = YES;
				EXECUTABLE_PREFIX = lib;
				GCC_ENABLE_FIX_AND_CONTINUE = NO;
				GCC_GENERATE_DEBUGGING_SYMBOLS = NO;
				GCC_MODEL_TUNING = G5;
				GCC_PREFIX_HEADER = "libchrasis-osx-config.pch";
				INSTALL_PATH = /usr/lib;
				OTHER_LDFLAGS = "-lsqlite3";
				PREBINDING = NO;
				PRODUCT_NAME = chrasis;
				PUBLIC_HEADERS_FOLDER_PATH = /usr/include;
				USER_HEADER_SEARCH_PATHS = "\"../include\"";
				ZERO_LINK = NO;
			};
			name = Release;
		};
/* End XCBuildConfiguration section */

/* Begin XCConfigurationList section */
		863699320CD2946C00F5F856 /* Build configuration list for PBXProject "libchrasis-osx" */ = {
			isa = XCConfigurationList;
			buildConfigurations = (
				863699330CD2946C00F5F856 /* Debug */,
				863699340CD2946C00F5F856 /* Release */,
			);
			defaultConfigurationIsVisible = 0;
			defaultConfigurationName = Release;
		};
		863699760CD299F800F5F856 /* Build configuration list for PBXNativeTarget "char_size" */ = {
			isa = XCConfigurationList;
			buildConfigurations = (
				863699770CD299F800F5F856 /* Debug */,
				863699780CD299F800F5F856 /* Release */,
			);
			defaultConfigurationIsVisible = 0;
			defaultConfigurationName = Release;
		};
		8636998F0CD29B8E00F5F856 /* Build configuration list for PBXNativeTarget "join_chml" */ = {
			isa = XCConfigurationList;
			buildConfigurations = (
				863699900CD29B8E00F5F856 /* Debug */,
				863699910CD29B8E00F5F856 /* Release */,
			);
			defaultConfigurationIsVisible = 0;
			defaultConfigurationName = Release;
		};
		863699A30CD29C9400F5F856 /* Build configuration list for PBXNativeTarget "learn" */ = {
			isa = XCConfigurationList;
			buildConfigurations = (
				863699A40CD29C9400F5F856 /* Debug */,
				863699A50CD29C9400F5F856 /* Release */,
			);
			defaultConfigurationIsVisible = 0;
			defaultConfigurationName = Release;
		};
		863699A60CD29C9400F5F856 /* Build configuration list for PBXNativeTarget "probability_test" */ = {
			isa = XCConfigurationList;
			buildConfigurations = (
				863699A70CD29C9400F5F856 /* Debug */,
				863699A80CD29C9400F5F856 /* Release */,
			);
			defaultConfigurationIsVisible = 0;
			defaultConfigurationName = Release;
		};
		863699A90CD29C9400F5F856 /* Build configuration list for PBXNativeTarget "recognize" */ = {
			isa = XCConfigurationList;
			buildConfigurations = (
				863699AA0CD29C9400F5F856 /* Debug */,
				863699AB0CD29C9400F5F856 /* Release */,
			);
			defaultConfigurationIsVisible = 0;
			defaultConfigurationName = Release;
		};
		863699D30CD29DF100F5F856 /* Build configuration list for PBXAggregateTarget "tools" */ = {
			isa = XCConfigurationList;
			buildConfigurations = (
				863699D40CD29DF100F5F856 /* Debug */,
				863699D50CD29DF100F5F856 /* Release */,
			);
			defaultConfigurationIsVisible = 0;
			defaultConfigurationName = Release;
		};
		863699D60CD29DF100F5F856 /* Build configuration list for PBXAggregateTarget "all" */ = {
			isa = XCConfigurationList;
			buildConfigurations = (
				863699D70CD29DF100F5F856 /* Debug */,
				863699D80CD29DF100F5F856 /* Release */,
			);
			defaultConfigurationIsVisible = 0;
			defaultConfigurationName = Release;
		};
		863699EA0CD2A04A00F5F856 /* Build configuration list for PBXAggregateTarget "chr_data.db" */ = {
			isa = XCConfigurationList;
			buildConfigurations = (
				863699EB0CD2A04A00F5F856 /* Debug */,
				863699EC0CD2A04A00F5F856 /* Release */,
			);
			defaultConfigurationIsVisible = 0;
			defaultConfigurationName = Release;
		};
		86369A2D0CD2A5F100F5F856 /* Build configuration list for PBXNativeTarget "libchrasis-osx" */ = {
			isa = XCConfigurationList;
			buildConfigurations = (
				86369A2E0CD2A5F100F5F856 /* Debug */,
				86369A2F0CD2A5F100F5F856 /* Release */,
			);
			defaultConfigurationIsVisible = 0;
			defaultConfigurationName = Release;
		};
/* End XCConfigurationList section */
	};
	rootObject = 863699310CD2946C00F5F856 /* Project object */;
}
