// !$*UTF8*$!
{
	archiveVersion = 1;
	classes = {
	};
	objectVersion = 42;
	objects = {

/* Begin PBXAggregateTarget section */
		863B70260D944904001D70D2 /* Data Generations */ = {
			isa = PBXAggregateTarget;
			buildConfigurationList = 863B702B0D944940001D70D2 /* Build configuration list for PBXAggregateTarget "Data Generations" */;
			buildPhases = (
				863B70250D944904001D70D2 /* gen_db.sh */,
			);
			dependencies = (
				863B702A0D944921001D70D2 /* PBXTargetDependency */,
			);
			name = "Data Generations";
			productName = "Generate Databases";
		};
		86BFEC9D0D948406007E84F7 /* Config Generation */ = {
			isa = PBXAggregateTarget;
			buildConfigurationList = 86BFECA00D948424007E84F7 /* Build configuration list for PBXAggregateTarget "Config Generation" */;
			buildPhases = (
				86BFEC9C0D948406007E84F7 /* ShellScript */,
			);
			dependencies = (
			);
			name = "Config Generation";
			productName = "Config Generation";
		};
/* End PBXAggregateTarget section */

/* Begin PBXBuildFile section */
		863699B50CD29D0C00F5F856 /* chmlcodec.cpp in Sources */ = {isa = PBXBuildFile; fileRef = 8636997A0CD299FD00F5F856 /* chmlcodec.cpp */; };
		863699B60CD29D1200F5F856 /* learn.cpp in Sources */ = {isa = PBXBuildFile; fileRef = 863699AE0CD29CCF00F5F856 /* learn.cpp */; };
		863B6FE80D94459B001D70D2 /* chr_data.db in Resources */ = {isa = PBXBuildFile; fileRef = 86B7D4B20D900A7F00D3460B /* chr_data.db */; };
		863B6FEA0D94459E001D70D2 /* empty_db.db in Resources */ = {isa = PBXBuildFile; fileRef = 86B7D4B30D900AA600D3460B /* empty_db.db */; };
		863B70060D9446CA001D70D2 /* internal.cpp in Sources */ = {isa = PBXBuildFile; fileRef = 863699450CD2951B00F5F856 /* internal.cpp */; };
		863B70070D9446CA001D70D2 /* database.cpp in Sources */ = {isa = PBXBuildFile; fileRef = 863699440CD2951B00F5F856 /* database.cpp */; };
		863B70080D9446CA001D70D2 /* chrasisio.cpp in Sources */ = {isa = PBXBuildFile; fileRef = 863699430CD2951B00F5F856 /* chrasisio.cpp */; };
		863B70090D9446CA001D70D2 /* character.cpp in Sources */ = {isa = PBXBuildFile; fileRef = 86D138E60CF299C3004A0E09 /* character.cpp */; };
		863B700B0D9446CF001D70D2 /* plat_win32.cpp in Sources */ = {isa = PBXBuildFile; fileRef = 86B7D3020D8FD17F00D3460B /* plat_win32.cpp */; };
		863B700C0D9446CF001D70D2 /* plat_posix.cpp in Sources */ = {isa = PBXBuildFile; fileRef = 8665D4130D8A5254002CCF7B /* plat_posix.cpp */; };
		864A67CB0D943EB6002EB761 /* chrasisio.cpp in Sources */ = {isa = PBXBuildFile; fileRef = 863699430CD2951B00F5F856 /* chrasisio.cpp */; };
		864A67CC0D943EB6002EB761 /* database.cpp in Sources */ = {isa = PBXBuildFile; fileRef = 863699440CD2951B00F5F856 /* database.cpp */; };
		864A67CD0D943EB6002EB761 /* internal.cpp in Sources */ = {isa = PBXBuildFile; fileRef = 863699450CD2951B00F5F856 /* internal.cpp */; };
		864A67CE0D943EB6002EB761 /* character.cpp in Sources */ = {isa = PBXBuildFile; fileRef = 86D138E60CF299C3004A0E09 /* character.cpp */; };
		864A67CF0D943EB6002EB761 /* plat_posix.cpp in Sources */ = {isa = PBXBuildFile; fileRef = 8665D4130D8A5254002CCF7B /* plat_posix.cpp */; };
		864A67D00D943EB6002EB761 /* plat_win32.cpp in Sources */ = {isa = PBXBuildFile; fileRef = 86B7D3020D8FD17F00D3460B /* plat_win32.cpp */; };
		864A67D10D943EDE002EB761 /* character.h in Headers */ = {isa = PBXBuildFile; fileRef = 86B7D33F0D8FD65500D3460B /* character.h */; settings = {ATTRIBUTES = (Public, ); }; };
		864A67D20D943EDE002EB761 /* chrasis.h in Headers */ = {isa = PBXBuildFile; fileRef = 86B7D33D0D8FD61D00D3460B /* chrasis.h */; settings = {ATTRIBUTES = (Public, ); }; };
		864A67D30D943EDE002EB761 /* database.h in Headers */ = {isa = PBXBuildFile; fileRef = 86B7D3400D8FD65500D3460B /* database.h */; settings = {ATTRIBUTES = (Public, ); }; };
		864A67D40D943EDE002EB761 /* global.h in Headers */ = {isa = PBXBuildFile; fileRef = 86B7D3410D8FD65500D3460B /* global.h */; settings = {ATTRIBUTES = (Public, ); }; };
		864A67D50D943EDE002EB761 /* internal.h in Headers */ = {isa = PBXBuildFile; fileRef = 86B7D3420D8FD65500D3460B /* internal.h */; settings = {ATTRIBUTES = (Public, ); }; };
		864A67D60D943EDE002EB761 /* platform.h in Headers */ = {isa = PBXBuildFile; fileRef = 86B7D3430D8FD65500D3460B /* platform.h */; settings = {ATTRIBUTES = (Public, ); }; };
		86BFECB20D948581007E84F7 /* config.h in Headers */ = {isa = PBXBuildFile; fileRef = 86BFECB10D948581007E84F7 /* config.h */; };
/* End PBXBuildFile section */

/* Begin PBXContainerItemProxy section */
		863B70290D944921001D70D2 /* PBXContainerItemProxy */ = {
			isa = PBXContainerItemProxy;
			containerPortal = 863699310CD2946C00F5F856 /* Project object */;
			proxyType = 1;
			remoteGlobalIDString = 863699940CD29BB300F5F856;
			remoteInfo = learn;
		};
		863B70450D9450B1001D70D2 /* PBXContainerItemProxy */ = {
			isa = PBXContainerItemProxy;
			containerPortal = 863699310CD2946C00F5F856 /* Project object */;
			proxyType = 1;
			remoteGlobalIDString = 863B70260D944904001D70D2;
			remoteInfo = "Generate Databases";
		};
		86BFECA90D948525007E84F7 /* PBXContainerItemProxy */ = {
			isa = PBXContainerItemProxy;
			containerPortal = 863699310CD2946C00F5F856 /* Project object */;
			proxyType = 1;
			remoteGlobalIDString = 86BFEC9D0D948406007E84F7 /* Config Generation */;
			remoteInfo = "Config Generation";
		};
		86BFECAB0D948528007E84F7 /* PBXContainerItemProxy */ = {
			isa = PBXContainerItemProxy;
			containerPortal = 863699310CD2946C00F5F856 /* Project object */;
			proxyType = 1;
			remoteGlobalIDString = 86BFEC9D0D948406007E84F7 /* Config Generation */;
			remoteInfo = "Config Generation";
		};
/* End PBXContainerItemProxy section */

/* Begin PBXFileReference section */
		863699430CD2951B00F5F856 /* chrasisio.cpp */ = {isa = PBXFileReference; fileEncoding = 0; lastKnownFileType = sourcecode.cpp.cpp; name = chrasisio.cpp; path = ../src/chrasisio.cpp; sourceTree = SOURCE_ROOT; };
		863699440CD2951B00F5F856 /* database.cpp */ = {isa = PBXFileReference; fileEncoding = 0; lastKnownFileType = sourcecode.cpp.cpp; name = database.cpp; path = ../src/database.cpp; sourceTree = SOURCE_ROOT; };
		863699450CD2951B00F5F856 /* internal.cpp */ = {isa = PBXFileReference; fileEncoding = 0; lastKnownFileType = sourcecode.cpp.cpp; name = internal.cpp; path = ../src/internal.cpp; sourceTree = SOURCE_ROOT; };
		8636997A0CD299FD00F5F856 /* chmlcodec.cpp */ = {isa = PBXFileReference; fileEncoding = 0; lastKnownFileType = sourcecode.cpp.cpp; name = chmlcodec.cpp; path = ../src/tools/chmlcodec.cpp; sourceTree = SOURCE_ROOT; };
		863699950CD29BB300F5F856 /* learn */ = {isa = PBXFileReference; explicitFileType = "compiled.mach-o.executable"; includeInIndex = 0; path = learn; sourceTree = BUILT_PRODUCTS_DIR; };
		863699AE0CD29CCF00F5F856 /* learn.cpp */ = {isa = PBXFileReference; fileEncoding = 0; lastKnownFileType = sourcecode.cpp.cpp; name = learn.cpp; path = ../src/tools/learn.cpp; sourceTree = SOURCE_ROOT; };
		864A67C60D943E21002EB761 /* Chrasis.framework */ = {isa = PBXFileReference; explicitFileType = wrapper.framework; includeInIndex = 0; path = Chrasis.framework; sourceTree = BUILT_PRODUCTS_DIR; };
		8665D4130D8A5254002CCF7B /* plat_posix.cpp */ = {isa = PBXFileReference; fileEncoding = 4; lastKnownFileType = sourcecode.cpp.cpp; name = plat_posix.cpp; path = ../src/platform_layer/plat_posix.cpp; sourceTree = SOURCE_ROOT; };
		86B7D3020D8FD17F00D3460B /* plat_win32.cpp */ = {isa = PBXFileReference; fileEncoding = 4; lastKnownFileType = sourcecode.cpp.cpp; name = plat_win32.cpp; path = ../src/platform_layer/plat_win32.cpp; sourceTree = SOURCE_ROOT; };
		86B7D31A0D8FD44900D3460B /* Chrasis-Info.plist */ = {isa = PBXFileReference; lastKnownFileType = text.plist.xml; path = "Chrasis-Info.plist"; sourceTree = "<group>"; };
		86B7D33D0D8FD61D00D3460B /* chrasis.h */ = {isa = PBXFileReference; fileEncoding = 4; lastKnownFileType = sourcecode.c.h; name = chrasis.h; path = ../include/chrasis.h; sourceTree = SOURCE_ROOT; };
		86B7D33F0D8FD65500D3460B /* character.h */ = {isa = PBXFileReference; fileEncoding = 4; lastKnownFileType = sourcecode.c.h; name = character.h; path = ../include/chrasis/character.h; sourceTree = SOURCE_ROOT; };
		86B7D3400D8FD65500D3460B /* database.h */ = {isa = PBXFileReference; fileEncoding = 4; lastKnownFileType = sourcecode.c.h; name = database.h; path = ../include/chrasis/database.h; sourceTree = SOURCE_ROOT; };
		86B7D3410D8FD65500D3460B /* global.h */ = {isa = PBXFileReference; fileEncoding = 4; lastKnownFileType = sourcecode.c.h; name = global.h; path = ../include/chrasis/global.h; sourceTree = SOURCE_ROOT; };
		86B7D3420D8FD65500D3460B /* internal.h */ = {isa = PBXFileReference; fileEncoding = 4; lastKnownFileType = sourcecode.c.h; name = internal.h; path = ../include/chrasis/internal.h; sourceTree = SOURCE_ROOT; };
		86B7D3430D8FD65500D3460B /* platform.h */ = {isa = PBXFileReference; fileEncoding = 4; lastKnownFileType = sourcecode.c.h; name = platform.h; path = ../include/chrasis/platform.h; sourceTree = SOURCE_ROOT; };
		86B7D4B20D900A7F00D3460B /* chr_data.db */ = {isa = PBXFileReference; lastKnownFileType = file; path = chr_data.db; sourceTree = "<group>"; };
		86B7D4B30D900AA600D3460B /* empty_db.db */ = {isa = PBXFileReference; lastKnownFileType = file; path = empty_db.db; sourceTree = "<group>"; };
		86BFECB10D948581007E84F7 /* config.h */ = {isa = PBXFileReference; fileEncoding = 4; lastKnownFileType = sourcecode.c.h; path = config.h; sourceTree = "<group>"; };
		86D138E60CF299C3004A0E09 /* character.cpp */ = {isa = PBXFileReference; fileEncoding = 0; lastKnownFileType = sourcecode.cpp.cpp; name = character.cpp; path = ../src/character.cpp; sourceTree = SOURCE_ROOT; };
/* End PBXFileReference section */

/* Begin PBXFrameworksBuildPhase section */
		863699930CD29BB300F5F856 /* Frameworks */ = {
			isa = PBXFrameworksBuildPhase;
			buildActionMask = 2147483647;
			files = (
			);
			runOnlyForDeploymentPostprocessing = 0;
		};
		864A67C40D943E21002EB761 /* Frameworks */ = {
			isa = PBXFrameworksBuildPhase;
			buildActionMask = 2147483647;
			files = (
			);
			runOnlyForDeploymentPostprocessing = 0;
		};
/* End PBXFrameworksBuildPhase section */

/* Begin PBXGroup section */
		8636992F0CD2946C00F5F856 = {
			isa = PBXGroup;
			children = (
				86B7D3350D8FD59200D3460B /* Sources */,
				86B7D2FE0D8FD10D00D3460B /* Headers */,
				8636993F0CD294A700F5F856 /* Products */,
				86BFECB10D948581007E84F7 /* config.h */,
				86B7D31A0D8FD44900D3460B /* Chrasis-Info.plist */,
			);
			sourceTree = "<group>";
		};
		8636993F0CD294A700F5F856 /* Products */ = {
			isa = PBXGroup;
			children = (
				863699950CD29BB300F5F856 /* learn */,
				86B7D4B30D900AA600D3460B /* empty_db.db */,
				86B7D4B20D900A7F00D3460B /* chr_data.db */,
				864A67C60D943E21002EB761 /* Chrasis.framework */,
			);
			name = Products;
			sourceTree = "<group>";
		};
		86B7D2FE0D8FD10D00D3460B /* Headers */ = {
			isa = PBXGroup;
			children = (
				86B7D3330D8FD55500D3460B /* chrasis */,
				86B7D33D0D8FD61D00D3460B /* chrasis.h */,
			);
			name = Headers;
			sourceTree = "<group>";
		};
		86B7D2FF0D8FD11D00D3460B /* libchrasis */ = {
			isa = PBXGroup;
			children = (
				86B7D3010D8FD15900D3460B /* platform_layer */,
				863699450CD2951B00F5F856 /* internal.cpp */,
				863699440CD2951B00F5F856 /* database.cpp */,
				863699430CD2951B00F5F856 /* chrasisio.cpp */,
				86D138E60CF299C3004A0E09 /* character.cpp */,
			);
			name = libchrasis;
			sourceTree = "<group>";
		};
		86B7D3000D8FD13F00D3460B /* tools */ = {
			isa = PBXGroup;
			children = (
				8636997A0CD299FD00F5F856 /* chmlcodec.cpp */,
				863699AE0CD29CCF00F5F856 /* learn.cpp */,
			);
			name = tools;
			sourceTree = "<group>";
		};
		86B7D3010D8FD15900D3460B /* platform_layer */ = {
			isa = PBXGroup;
			children = (
				86B7D3020D8FD17F00D3460B /* plat_win32.cpp */,
				8665D4130D8A5254002CCF7B /* plat_posix.cpp */,
			);
			name = platform_layer;
			sourceTree = "<group>";
		};
		86B7D3330D8FD55500D3460B /* chrasis */ = {
			isa = PBXGroup;
			children = (
				86B7D33F0D8FD65500D3460B /* character.h */,
				86B7D3400D8FD65500D3460B /* database.h */,
				86B7D3410D8FD65500D3460B /* global.h */,
				86B7D3420D8FD65500D3460B /* internal.h */,
				86B7D3430D8FD65500D3460B /* platform.h */,
			);
			name = chrasis;
			sourceTree = "<group>";
		};
		86B7D3350D8FD59200D3460B /* Sources */ = {
			isa = PBXGroup;
			children = (
				86B7D2FF0D8FD11D00D3460B /* libchrasis */,
				86B7D3000D8FD13F00D3460B /* tools */,
			);
			name = Sources;
			sourceTree = "<group>";
		};
/* End PBXGroup section */

/* Begin PBXHeadersBuildPhase section */
		864A67C10D943E21002EB761 /* Headers */ = {
			isa = PBXHeadersBuildPhase;
			buildActionMask = 2147483647;
			files = (
				864A67D10D943EDE002EB761 /* character.h in Headers */,
				864A67D20D943EDE002EB761 /* chrasis.h in Headers */,
				864A67D30D943EDE002EB761 /* database.h in Headers */,
				864A67D40D943EDE002EB761 /* global.h in Headers */,
				864A67D50D943EDE002EB761 /* internal.h in Headers */,
				864A67D60D943EDE002EB761 /* platform.h in Headers */,
				86BFECB20D948581007E84F7 /* config.h in Headers */,
			);
			runOnlyForDeploymentPostprocessing = 0;
		};
/* End PBXHeadersBuildPhase section */

/* Begin PBXNativeTarget section */
		863699940CD29BB300F5F856 /* learn */ = {
			isa = PBXNativeTarget;
			buildConfigurationList = 863699A30CD29C9400F5F856 /* Build configuration list for PBXNativeTarget "learn" */;
			buildPhases = (
				863699920CD29BB300F5F856 /* Sources */,
				863699930CD29BB300F5F856 /* Frameworks */,
			);
			buildRules = (
			);
			dependencies = (
				86BFECAA0D948525007E84F7 /* PBXTargetDependency */,
			);
			name = learn;
			productName = learn;
			productReference = 863699950CD29BB300F5F856 /* learn */;
			productType = "com.apple.product-type.tool";
		};
		864A67C50D943E21002EB761 /* Chrasis */ = {
			isa = PBXNativeTarget;
			buildConfigurationList = 864A67CA0D943E43002EB761 /* Build configuration list for PBXNativeTarget "Chrasis" */;
			buildPhases = (
				864A67C10D943E21002EB761 /* Headers */,
				864A67C20D943E21002EB761 /* Resources */,
				864A67C30D943E21002EB761 /* Sources */,
				864A67C40D943E21002EB761 /* Frameworks */,
			);
			buildRules = (
			);
			dependencies = (
				86BFECAC0D948528007E84F7 /* PBXTargetDependency */,
				863B70460D9450B1001D70D2 /* PBXTargetDependency */,
			);
			name = Chrasis;
			productName = Chrasis;
			productReference = 864A67C60D943E21002EB761 /* Chrasis.framework */;
			productType = "com.apple.product-type.framework";
		};
/* End PBXNativeTarget section */

/* Begin PBXProject section */
		863699310CD2946C00F5F856 /* Project object */ = {
			isa = PBXProject;
			buildConfigurationList = 863699320CD2946C00F5F856 /* Build configuration list for PBXProject "libchrasis-osx" */;
			compatibilityVersion = "Xcode 2.4";
			hasScannedForEncodings = 0;
			mainGroup = 8636992F0CD2946C00F5F856;
			productRefGroup = 8636993F0CD294A700F5F856 /* Products */;
			projectDirPath = "";
			projectRoot = "";
			targets = (
				86BFEC9D0D948406007E84F7 /* Config Generation */,
				863699940CD29BB300F5F856 /* learn */,
				863B70260D944904001D70D2 /* Data Generations */,
				864A67C50D943E21002EB761 /* Chrasis */,
			);
		};
/* End PBXProject section */

/* Begin PBXResourcesBuildPhase section */
		864A67C20D943E21002EB761 /* Resources */ = {
			isa = PBXResourcesBuildPhase;
			buildActionMask = 2147483647;
			files = (
				863B6FEA0D94459E001D70D2 /* empty_db.db in Resources */,
				863B6FE80D94459B001D70D2 /* chr_data.db in Resources */,
			);
			runOnlyForDeploymentPostprocessing = 0;
		};
/* End PBXResourcesBuildPhase section */

/* Begin PBXShellScriptBuildPhase section */
		863B70250D944904001D70D2 /* gen_db.sh */ = {
			isa = PBXShellScriptBuildPhase;
			buildActionMask = 2147483647;
			files = (
			);
			inputPaths = (
				"$(SRCROOT)/../data/chmls/*.chml",
				"$(SRCROOT)/../data/database_schema.sql",
			);
			name = gen_db.sh;
			outputPaths = (
				"$(SRCROOT)/chr_data.db",
				"$(SRCROOT)/empty_db.db",
			);
			runOnlyForDeploymentPostprocessing = 0;
			shellPath = /bin/sh;
			shellScript = "# shell script goes here\n\ngen_chrdatadb()\n{\n\tdbfile=${SRCROOT}/chr_data.db\n\n\tif [ -e \"${dbfile}\" ]\n\tthen\n\t\t# if no newer files found\n\t\tif [ x\"`find ../data/chmls/ ../data/database_schema.sql -newer ${dbfile}`\" == x\"\" ]\n\t\tthen\n\t\t\techo \"${dbfile}\" up-to-date!\n\t\t\treturn\n\t\tfi\n\t\trm chr_data.db\n\tfi\n\n\tsqlite3 \"${dbfile}\" < ../data/database_schema.sql\n\t${CONFIGURATION_BUILD_DIR}/learn ../data/chmls/*.chml \"${dbfile}\"\n\t#sqlite3 \"${dbfile}\" \"VACUUM;\"\n\techo \"${dbfile}\" generated.\n}\n\ngen_emptydb()\n{\n\tdbfile=${SRCROOT}/empty_db.db\n\n\tif [ -e \"${dbfile}\" ]\n\tthen\n\t\t# if no newer files found\n\t\tif [ x\"`find ../data/database_schema.sql -newer ${dbfile}`\" == x\"\" ]\n\t\tthen\n\t\t\techo \"${dbfile}\" up-to-date!\n\t\t\treturn\n\t\tfi\n\t\trm \"${dbfile}\"\n\tfi\n\n\tsqlite3 \"${dbfile}\" < ../data/database_schema.sql\n\techo \"${dbfile}\" generated.\n}\n\ngen_chrdatadb\ngen_emptydb\n\nexit 0";
		};
		86BFEC9C0D948406007E84F7 /* ShellScript */ = {
			isa = PBXShellScriptBuildPhase;
			buildActionMask = 2147483647;
			files = (
			);
			inputPaths = (
			);
			outputPaths = (
			);
			runOnlyForDeploymentPostprocessing = 0;
			shellPath = /bin/sh;
			shellScript = "# yeah yeah i know i should've used a config.h.in.\n\necho \\#define CHRASIS_DATADIR \\\"${INSTALL_PATH}/${CONTENTS_FOLDER_PATH}/Resources\\\" > ${SRCROOT}/config.h\n\nexit 0";
		};
/* End PBXShellScriptBuildPhase section */

/* Begin PBXSourcesBuildPhase section */
		863699920CD29BB300F5F856 /* Sources */ = {
			isa = PBXSourcesBuildPhase;
			buildActionMask = 2147483647;
			files = (
				863B700B0D9446CF001D70D2 /* plat_win32.cpp in Sources */,
				863B700C0D9446CF001D70D2 /* plat_posix.cpp in Sources */,
				863B70060D9446CA001D70D2 /* internal.cpp in Sources */,
				863B70070D9446CA001D70D2 /* database.cpp in Sources */,
				863B70080D9446CA001D70D2 /* chrasisio.cpp in Sources */,
				863B70090D9446CA001D70D2 /* character.cpp in Sources */,
				863699B60CD29D1200F5F856 /* learn.cpp in Sources */,
				863699B50CD29D0C00F5F856 /* chmlcodec.cpp in Sources */,
			);
			runOnlyForDeploymentPostprocessing = 0;
		};
		864A67C30D943E21002EB761 /* Sources */ = {
			isa = PBXSourcesBuildPhase;
			buildActionMask = 2147483647;
			files = (
				864A67CB0D943EB6002EB761 /* chrasisio.cpp in Sources */,
				864A67CC0D943EB6002EB761 /* database.cpp in Sources */,
				864A67CD0D943EB6002EB761 /* internal.cpp in Sources */,
				864A67CE0D943EB6002EB761 /* character.cpp in Sources */,
				864A67CF0D943EB6002EB761 /* plat_posix.cpp in Sources */,
				864A67D00D943EB6002EB761 /* plat_win32.cpp in Sources */,
			);
			runOnlyForDeploymentPostprocessing = 0;
		};
/* End PBXSourcesBuildPhase section */

/* Begin PBXTargetDependency section */
		863B702A0D944921001D70D2 /* PBXTargetDependency */ = {
			isa = PBXTargetDependency;
			target = 863699940CD29BB300F5F856 /* learn */;
			targetProxy = 863B70290D944921001D70D2 /* PBXContainerItemProxy */;
		};
		863B70460D9450B1001D70D2 /* PBXTargetDependency */ = {
			isa = PBXTargetDependency;
			target = 863B70260D944904001D70D2 /* Data Generations */;
			targetProxy = 863B70450D9450B1001D70D2 /* PBXContainerItemProxy */;
		};
		86BFECAA0D948525007E84F7 /* PBXTargetDependency */ = {
			isa = PBXTargetDependency;
			target = 86BFEC9D0D948406007E84F7 /* Config Generation */;
			targetProxy = 86BFECA90D948525007E84F7 /* PBXContainerItemProxy */;
		};
		86BFECAC0D948528007E84F7 /* PBXTargetDependency */ = {
			isa = PBXTargetDependency;
			target = 86BFEC9D0D948406007E84F7 /* Config Generation */;
			targetProxy = 86BFECAB0D948528007E84F7 /* PBXContainerItemProxy */;
		};
/* End PBXTargetDependency section */

/* Begin XCBuildConfiguration section */
		863699330CD2946C00F5F856 /* Debug */ = {
			isa = XCBuildConfiguration;
			buildSettings = {
				COPY_PHASE_STRIP = NO;
				DSTROOT = /;
				GCC_PREPROCESSOR_DEFINITIONS = (
					HAVE_CONFIG_H,
					_POSIX,
				);
			};
			name = Debug;
		};
		863699340CD2946C00F5F856 /* Release */ = {
			isa = XCBuildConfiguration;
			buildSettings = {
				COPY_PHASE_STRIP = YES;
				DSTROOT = /;
				GCC_PREPROCESSOR_DEFINITIONS = (
					HAVE_CONFIG_H,
					_POSIX,
				);
			};
			name = Release;
		};
		863699A40CD29C9400F5F856 /* Debug */ = {
			isa = XCBuildConfiguration;
			buildSettings = {
				COPY_PHASE_STRIP = NO;
				GCC_AUTO_VECTORIZATION = YES;
				GCC_DYNAMIC_NO_PIC = NO;
				GCC_ENABLE_FIX_AND_CONTINUE = YES;
				GCC_GENERATE_DEBUGGING_SYMBOLS = YES;
				GCC_MODEL_TUNING = G5;
				GCC_OPTIMIZATION_LEVEL = 0;
				HEADER_SEARCH_PATHS = "\"/usr/include/libxml2\"";
				INSTALL_PATH = "$(HOME)/bin";
				MACH_O_TYPE = mh_execute;
				OTHER_LDFLAGS = (
					"-lsqlite3",
					"-lxml2",
				);
				PREBINDING = NO;
				PRODUCT_NAME = learn;
				SKIP_INSTALL = YES;
				USER_HEADER_SEARCH_PATHS = "\"../include\"";
				ZERO_LINK = YES;
			};
			name = Debug;
		};
		863699A50CD29C9400F5F856 /* Release */ = {
			isa = XCBuildConfiguration;
			buildSettings = {
				COPY_PHASE_STRIP = YES;
				GCC_AUTO_VECTORIZATION = YES;
				GCC_ENABLE_FIX_AND_CONTINUE = NO;
				GCC_GENERATE_DEBUGGING_SYMBOLS = NO;
				GCC_MODEL_TUNING = G5;
				HEADER_SEARCH_PATHS = "\"/usr/include/libxml2\"";
				INSTALL_PATH = "$(HOME)/bin";
				MACH_O_TYPE = mh_execute;
				OTHER_LDFLAGS = (
					"-lsqlite3",
					"-lxml2",
				);
				PREBINDING = NO;
				PRODUCT_NAME = learn;
				SKIP_INSTALL = YES;
				USER_HEADER_SEARCH_PATHS = "\"../include\"";
				ZERO_LINK = NO;
			};
			name = Release;
		};
		863B70270D944904001D70D2 /* Debug */ = {
			isa = XCBuildConfiguration;
			buildSettings = {
				CONTENTS_FOLDER_PATH = Chrasis.frameworks/Versions/A/;
				COPY_PHASE_STRIP = NO;
				GCC_DYNAMIC_NO_PIC = NO;
				GCC_OPTIMIZATION_LEVEL = 0;
				INSTALL_PATH = /Library/Frameworks;
				PRODUCT_NAME = "Generate Databases";
			};
			name = Debug;
		};
		863B70280D944904001D70D2 /* Release */ = {
			isa = XCBuildConfiguration;
			buildSettings = {
				CONTENTS_FOLDER_PATH = Chrasis.frameworks/Versions/A/;
				COPY_PHASE_STRIP = YES;
				DEBUG_INFORMATION_FORMAT = "dwarf-with-dsym";
				GCC_ENABLE_FIX_AND_CONTINUE = NO;
				INSTALL_PATH = /Library/Frameworks;
				PRODUCT_NAME = "Generate Databases";
				ZERO_LINK = NO;
			};
			name = Release;
		};
		864A67C80D943E21002EB761 /* Debug */ = {
			isa = XCBuildConfiguration;
			buildSettings = {
				ALWAYS_SEARCH_USER_PATHS = NO;
				ARCHS = "$(ARCHS_STANDARD_32_BIT_PRE_XCODE_3_1)";
				ARCHS_STANDARD_32_BIT_PRE_XCODE_3_1 = "ppc i386";
				COPY_PHASE_STRIP = NO;
				DYLIB_COMPATIBILITY_VERSION = 1;
				DYLIB_CURRENT_VERSION = 1;
				GCC_DYNAMIC_NO_PIC = NO;
				GCC_ENABLE_FIX_AND_CONTINUE = YES;
				GCC_MODEL_TUNING = G5;
				GCC_OPTIMIZATION_LEVEL = 0;
				INFOPLIST_FILE = "Chrasis-Info.plist";
				INSTALL_PATH = "$(HOME)/Library/Frameworks";
				LIBRARY_SEARCH_PATHS = (
					"$(inherited)",
					"$(LIBRARY_SEARCH_PATHS_QUOTED_FOR_TARGET_1)",
				);
				LIBRARY_SEARCH_PATHS_QUOTED_FOR_TARGET_1 = "\"$(DEVELOPER_DIR)/SDKs/MacOSX10.4u.sdk/usr/lib\"";
				OTHER_LDFLAGS = "-lsqlite3";
				PREBINDING = NO;
				PRODUCT_NAME = Chrasis;
			};
			name = Debug;
		};
		864A67C90D943E21002EB761 /* Release */ = {
			isa = XCBuildConfiguration;
			buildSettings = {
				ALWAYS_SEARCH_USER_PATHS = NO;
				ARCHS = "$(ARCHS_STANDARD_32_BIT_PRE_XCODE_3_1)";
				ARCHS_STANDARD_32_BIT_PRE_XCODE_3_1 = "ppc i386";
				COPY_PHASE_STRIP = YES;
				DEBUG_INFORMATION_FORMAT = "dwarf-with-dsym";
				DYLIB_COMPATIBILITY_VERSION = 1;
				DYLIB_CURRENT_VERSION = 1;
				GCC_ENABLE_FIX_AND_CONTINUE = NO;
				GCC_MODEL_TUNING = G5;
				INFOPLIST_FILE = "Chrasis-Info.plist";
				INSTALL_PATH = /Library/Frameworks;
				LIBRARY_SEARCH_PATHS = (
					"$(inherited)",
					"$(LIBRARY_SEARCH_PATHS_QUOTED_FOR_TARGET_1)",
				);
				LIBRARY_SEARCH_PATHS_QUOTED_FOR_TARGET_1 = "\"$(DEVELOPER_DIR)/SDKs/MacOSX10.4u.sdk/usr/lib\"";
				OTHER_LDFLAGS = "-lsqlite3";
				PREBINDING = NO;
				PRODUCT_NAME = Chrasis;
				ZERO_LINK = NO;
			};
			name = Release;
		};
		86BFEC9E0D948406007E84F7 /* Debug */ = {
			isa = XCBuildConfiguration;
			buildSettings = {
				CONTENTS_FOLDER_PATH = Chrasis.framework/Versions/A;
				COPY_PHASE_STRIP = NO;
				GCC_DYNAMIC_NO_PIC = NO;
				GCC_OPTIMIZATION_LEVEL = 0;
				INSTALL_PATH = "$(USER_HOME)/Library/Frameworks";
				PRODUCT_NAME = "Config Generation";
			};
			name = Debug;
		};
		86BFEC9F0D948406007E84F7 /* Release */ = {
			isa = XCBuildConfiguration;
			buildSettings = {
				CONTENTS_FOLDER_PATH = Chrasis.framework/Versions/A;
				COPY_PHASE_STRIP = YES;
				DEBUG_INFORMATION_FORMAT = "dwarf-with-dsym";
				GCC_ENABLE_FIX_AND_CONTINUE = NO;
				INSTALL_PATH = /Library/Frameworks;
				PRODUCT_NAME = "Config Generation";
				ZERO_LINK = NO;
			};
			name = Release;
		};
/* End XCBuildConfiguration section */

/* Begin XCConfigurationList section */
		863699320CD2946C00F5F856 /* Build configuration list for PBXProject "libchrasis-osx" */ = {
			isa = XCConfigurationList;
			buildConfigurations = (
				863699330CD2946C00F5F856 /* Debug */,
				863699340CD2946C00F5F856 /* Release */,
			);
			defaultConfigurationIsVisible = 0;
			defaultConfigurationName = Release;
		};
		863699A30CD29C9400F5F856 /* Build configuration list for PBXNativeTarget "learn" */ = {
			isa = XCConfigurationList;
			buildConfigurations = (
				863699A40CD29C9400F5F856 /* Debug */,
				863699A50CD29C9400F5F856 /* Release */,
			);
			defaultConfigurationIsVisible = 0;
			defaultConfigurationName = Release;
		};
		863B702B0D944940001D70D2 /* Build configuration list for PBXAggregateTarget "Data Generations" */ = {
			isa = XCConfigurationList;
			buildConfigurations = (
				863B70270D944904001D70D2 /* Debug */,
				863B70280D944904001D70D2 /* Release */,
			);
			defaultConfigurationIsVisible = 0;
			defaultConfigurationName = Release;
		};
		864A67CA0D943E43002EB761 /* Build configuration list for PBXNativeTarget "Chrasis" */ = {
			isa = XCConfigurationList;
			buildConfigurations = (
				864A67C80D943E21002EB761 /* Debug */,
				864A67C90D943E21002EB761 /* Release */,
			);
			defaultConfigurationIsVisible = 0;
			defaultConfigurationName = Release;
		};
		86BFECA00D948424007E84F7 /* Build configuration list for PBXAggregateTarget "Config Generation" */ = {
			isa = XCConfigurationList;
			buildConfigurations = (
				86BFEC9E0D948406007E84F7 /* Debug */,
				86BFEC9F0D948406007E84F7 /* Release */,
			);
			defaultConfigurationIsVisible = 0;
			defaultConfigurationName = Release;
		};
/* End XCConfigurationList section */
	};
	rootObject = 863699310CD2946C00F5F856 /* Project object */;
}
